// !$*UTF8*$!
{
	archiveVersion = 1;
	classes = {
	};
	objectVersion = 48;
	objects = {

/* Begin PBXBuildFile section */
		6A0743C720233079009629E6 /* WaveViewTestVC.m in Sources */ = {isa = PBXBuildFile; fileRef = 6A0743C620233079009629E6 /* WaveViewTestVC.m */; };
		6A0743CB202330CB009629E6 /* MZWaveView.m in Sources */ = {isa = PBXBuildFile; fileRef = 6A0743CA202330CB009629E6 /* MZWaveView.m */; };
		6A26206620F7702D003F984D /* MZTestSDWebImageCell.m in Sources */ = {isa = PBXBuildFile; fileRef = 6A26206420F7702D003F984D /* MZTestSDWebImageCell.m */; };
		6A26206720F7702D003F984D /* MZTestSDWebImageCell.xib in Resources */ = {isa = PBXBuildFile; fileRef = 6A26206520F7702D003F984D /* MZTestSDWebImageCell.xib */; };
		6A26206C20F77196003F984D /* MZTestSDWebImageVC.m in Sources */ = {isa = PBXBuildFile; fileRef = 6A26206A20F77196003F984D /* MZTestSDWebImageVC.m */; };
		6A26206D20F77196003F984D /* MZTestSDWebImageVC.xib in Resources */ = {isa = PBXBuildFile; fileRef = 6A26206B20F77196003F984D /* MZTestSDWebImageVC.xib */; };
		6A518DC32007333D00A69E70 /* MZNavigationController.m in Sources */ = {isa = PBXBuildFile; fileRef = 6A518DC22007333D00A69E70 /* MZNavigationController.m */; };
		6A518DC7200737D300A69E70 /* UIImage+MZTool.m in Sources */ = {isa = PBXBuildFile; fileRef = 6A518DC6200737D300A69E70 /* UIImage+MZTool.m */; };
		6A587B5B2007493D004D66F8 /* AboutNullVC.m in Sources */ = {isa = PBXBuildFile; fileRef = 6A587B5A2007493D004D66F8 /* AboutNullVC.m */; };
		6A587B5F200752D3004D66F8 /* DataHandleVC.m in Sources */ = {isa = PBXBuildFile; fileRef = 6A587B5E200752D3004D66F8 /* DataHandleVC.m */; };
		6A587B63200753E3004D66F8 /* FloatNumberDealWithRoundVC.m in Sources */ = {isa = PBXBuildFile; fileRef = 6A587B62200753E3004D66F8 /* FloatNumberDealWithRoundVC.m */; };
		6A587B6720075BC6004D66F8 /* DrawFuncVC.m in Sources */ = {isa = PBXBuildFile; fileRef = 6A587B6620075BC6004D66F8 /* DrawFuncVC.m */; };
		6A587B6B20075CB2004D66F8 /* CreateImageWithColorVC.m in Sources */ = {isa = PBXBuildFile; fileRef = 6A587B6A20075CB2004D66F8 /* CreateImageWithColorVC.m */; };
		6A587B6F20075F8F004D66F8 /* BezierPathVC.m in Sources */ = {isa = PBXBuildFile; fileRef = 6A587B6E20075F8F004D66F8 /* BezierPathVC.m */; };
		6A587B7320076145004D66F8 /* LineView.m in Sources */ = {isa = PBXBuildFile; fileRef = 6A587B7220076145004D66F8 /* LineView.m */; };
		6A587B76200764CB004D66F8 /* PolygonView.m in Sources */ = {isa = PBXBuildFile; fileRef = 6A587B75200764CB004D66F8 /* PolygonView.m */; };
		6A587B7920076863004D66F8 /* RectangleView.m in Sources */ = {isa = PBXBuildFile; fileRef = 6A587B7820076863004D66F8 /* RectangleView.m */; };
		6A587B7C20076971004D66F8 /* CircleView.m in Sources */ = {isa = PBXBuildFile; fileRef = 6A587B7B20076971004D66F8 /* CircleView.m */; };
		6A587B7F20076AFB004D66F8 /* ArcView.m in Sources */ = {isa = PBXBuildFile; fileRef = 6A587B7E20076AFB004D66F8 /* ArcView.m */; };
		6A587B8220076D14004D66F8 /* cornerRadiusView.m in Sources */ = {isa = PBXBuildFile; fileRef = 6A587B8120076D14004D66F8 /* cornerRadiusView.m */; };
		6A587B8720089D7D004D66F8 /* ShapeLayerMaskVC.m in Sources */ = {isa = PBXBuildFile; fileRef = 6A587B8620089D7D004D66F8 /* ShapeLayerMaskVC.m */; };
		6A587B8B2008A74A004D66F8 /* MZCircleProgress.m in Sources */ = {isa = PBXBuildFile; fileRef = 6A587B8A2008A74A004D66F8 /* MZCircleProgress.m */; };
		6A587B91200B7992004D66F8 /* UILabel+MZTool.m in Sources */ = {isa = PBXBuildFile; fileRef = 6A587B90200B7992004D66F8 /* UILabel+MZTool.m */; };
		6A587B95200B7D76004D66F8 /* LineLabelTestVC.m in Sources */ = {isa = PBXBuildFile; fileRef = 6A587B94200B7D76004D66F8 /* LineLabelTestVC.m */; };
		6A587B9E200C2D3F004D66F8 /* ClipsImageVC.m in Sources */ = {isa = PBXBuildFile; fileRef = 6A587B9D200C2D3F004D66F8 /* ClipsImageVC.m */; };
		6A587BA0200C2E34004D66F8 /* 艾斯.jpg in Resources */ = {isa = PBXBuildFile; fileRef = 6A587B9F200C2E34004D66F8 /* 艾斯.jpg */; };
		6A587BA6200C47A1004D66F8 /* TestAttrinuteStringTapVC.m in Sources */ = {isa = PBXBuildFile; fileRef = 6A587BA5200C47A1004D66F8 /* TestAttrinuteStringTapVC.m */; };
		6A587BAA200C4BD7004D66F8 /* UILabel+YBAttributeTextTapAction.m in Sources */ = {isa = PBXBuildFile; fileRef = 6A587BA8200C4BD7004D66F8 /* UILabel+YBAttributeTextTapAction.m */; };
		6A587BAF200C4D57004D66F8 /* UILabelTextFitVC.m in Sources */ = {isa = PBXBuildFile; fileRef = 6A587BAE200C4D57004D66F8 /* UILabelTextFitVC.m */; };
		6A587BB2200C4F20004D66F8 /* ViewFitFuncVC.m in Sources */ = {isa = PBXBuildFile; fileRef = 6A587BB1200C4F20004D66F8 /* ViewFitFuncVC.m */; };
		6A587BB9200C55E5004D66F8 /* UIImageViewFitVC.m in Sources */ = {isa = PBXBuildFile; fileRef = 6A587BB8200C55E5004D66F8 /* UIImageViewFitVC.m */; };
		6A587BBE200C8116004D66F8 /* TestFitCell.m in Sources */ = {isa = PBXBuildFile; fileRef = 6A587BBD200C8116004D66F8 /* TestFitCell.m */; };
		6A587BC2200C82CD004D66F8 /* TestFitModel.m in Sources */ = {isa = PBXBuildFile; fileRef = 6A587BC1200C82CD004D66F8 /* TestFitModel.m */; };
		6A587BC5200C86AF004D66F8 /* TestCellFitVC.m in Sources */ = {isa = PBXBuildFile; fileRef = 6A587BC4200C86AF004D66F8 /* TestCellFitVC.m */; };
		6A587BC7200C886E004D66F8 /* 路飞.jpg in Resources */ = {isa = PBXBuildFile; fileRef = 6A587BC6200C886E004D66F8 /* 路飞.jpg */; };
		6A587BCB200C8C7A004D66F8 /* 索隆.jpg in Resources */ = {isa = PBXBuildFile; fileRef = 6A587BCA200C8C7A004D66F8 /* 索隆.jpg */; };
		6A587BCF200C8D8B004D66F8 /* WebViewFitVC.m in Sources */ = {isa = PBXBuildFile; fileRef = 6A587BCE200C8D8B004D66F8 /* WebViewFitVC.m */; };
		6A587BD7200C989D004D66F8 /* testFit.html in Resources */ = {isa = PBXBuildFile; fileRef = 6A587BD6200C989D004D66F8 /* testFit.html */; };
		6A587BD9200C9D15004D66F8 /* 孙亚龙.jpg in Resources */ = {isa = PBXBuildFile; fileRef = 6A587BD8200C9D15004D66F8 /* 孙亚龙.jpg */; };
		6A587BF5200D8CB9004D66F8 /* WaterFlowTestVC.m in Sources */ = {isa = PBXBuildFile; fileRef = 6A587BF4200D8CB9004D66F8 /* WaterFlowTestVC.m */; };
		6A587BFB200D8D50004D66F8 /* MZWaterFlowLayout.m in Sources */ = {isa = PBXBuildFile; fileRef = 6A587BFA200D8D50004D66F8 /* MZWaterFlowLayout.m */; };
		6A587BFE200D911D004D66F8 /* WaterFlowModel.m in Sources */ = {isa = PBXBuildFile; fileRef = 6A587BFD200D911D004D66F8 /* WaterFlowModel.m */; };
		6A587C02200D9846004D66F8 /* WaterFlowTestCell.m in Sources */ = {isa = PBXBuildFile; fileRef = 6A587C00200D9846004D66F8 /* WaterFlowTestCell.m */; };
		6A587C03200D9846004D66F8 /* WaterFlowTestCell.xib in Resources */ = {isa = PBXBuildFile; fileRef = 6A587C01200D9846004D66F8 /* WaterFlowTestCell.xib */; };
		6A587C05200D9EFD004D66F8 /* waterFlow.plist in Resources */ = {isa = PBXBuildFile; fileRef = 6A587C04200D9EFD004D66F8 /* waterFlow.plist */; };
		6A8540E11FFB0EC000913301 /* AppDelegate.m in Sources */ = {isa = PBXBuildFile; fileRef = 6A8540E01FFB0EC000913301 /* AppDelegate.m */; };
		6A8540E41FFB0EC000913301 /* ViewController.m in Sources */ = {isa = PBXBuildFile; fileRef = 6A8540E31FFB0EC000913301 /* ViewController.m */; };
		6A8540E91FFB0EC000913301 /* Assets.xcassets in Resources */ = {isa = PBXBuildFile; fileRef = 6A8540E81FFB0EC000913301 /* Assets.xcassets */; };
		6A8540EF1FFB0EC000913301 /* main.m in Sources */ = {isa = PBXBuildFile; fileRef = 6A8540EE1FFB0EC000913301 /* main.m */; };
		6A8540F71FFB13BD00913301 /* functionList.plist in Resources */ = {isa = PBXBuildFile; fileRef = 6A8540F61FFB13BD00913301 /* functionList.plist */; };
		6A8540FF1FFB1F5100913301 /* ScanBarCodeVC.m in Sources */ = {isa = PBXBuildFile; fileRef = 6A8540FE1FFB1F5100913301 /* ScanBarCodeVC.m */; };
		6A8541011FFB239F00913301 /* scan.wav in Resources */ = {isa = PBXBuildFile; fileRef = 6A8541001FFB239F00913301 /* scan.wav */; };
		6A8541071FFB298500913301 /* MZButton.m in Sources */ = {isa = PBXBuildFile; fileRef = 6A8541061FFB298500913301 /* MZButton.m */; };
		6A85410B1FFB2D2500913301 /* BarCodeFuncVC.m in Sources */ = {isa = PBXBuildFile; fileRef = 6A85410A1FFB2D2500913301 /* BarCodeFuncVC.m */; };
		6A85410E1FFB2FB600913301 /* CreateBarCodeVC.m in Sources */ = {isa = PBXBuildFile; fileRef = 6A85410D1FFB2FB600913301 /* CreateBarCodeVC.m */; };
		6A8541111FFB34B600913301 /* VerifyImageBarCodeVC.m in Sources */ = {isa = PBXBuildFile; fileRef = 6A8541101FFB34B600913301 /* VerifyImageBarCodeVC.m */; };
		6A8541131FFB359F00913301 /* barcode.png in Resources */ = {isa = PBXBuildFile; fileRef = 6A8541121FFB359E00913301 /* barcode.png */; };
		6A8541211FFB53F600913301 /* MBProgressHUD+SN.m in Sources */ = {isa = PBXBuildFile; fileRef = 6A8541201FFB53F600913301 /* MBProgressHUD+SN.m */; };
		6A8541241FFB547A00913301 /* AddressBookController.m in Sources */ = {isa = PBXBuildFile; fileRef = 6A8541231FFB547A00913301 /* AddressBookController.m */; };
		6A8541281FFB567100913301 /* MZContactModel.m in Sources */ = {isa = PBXBuildFile; fileRef = 6A8541271FFB567100913301 /* MZContactModel.m */; };
		6A85412B1FFB58CE00913301 /* GetContactMethodListVC.m in Sources */ = {isa = PBXBuildFile; fileRef = 6A85412A1FFB58CE00913301 /* GetContactMethodListVC.m */; };
		6A85412E1FFB670700913301 /* ContactsUIVC.m in Sources */ = {isa = PBXBuildFile; fileRef = 6A85412D1FFB670700913301 /* ContactsUIVC.m */; };
		6A85413D1FFB8E5200913301 /* XibView.m in Sources */ = {isa = PBXBuildFile; fileRef = 6A85413C1FFB8E5200913301 /* XibView.m */; };
		6A85413F1FFB8E5F00913301 /* XibView.xib in Resources */ = {isa = PBXBuildFile; fileRef = 6A85413E1FFB8E5F00913301 /* XibView.xib */; };
		6AC98F4D20E20DA700ABD44F /* SystemFuncVC.m in Sources */ = {isa = PBXBuildFile; fileRef = 6AC98F4C20E20DA700ABD44F /* SystemFuncVC.m */; };
		6AC98F5420E3266700ABD44F /* ShapeLayerAnimationVC.m in Sources */ = {isa = PBXBuildFile; fileRef = 6AC98F5320E3266700ABD44F /* ShapeLayerAnimationVC.m */; };
		6AC98F5820E32FFF00ABD44F /* MZTabBar.m in Sources */ = {isa = PBXBuildFile; fileRef = 6AC98F5720E32FFF00ABD44F /* MZTabBar.m */; };
		6AC98F5B20E3301500ABD44F /* MZTabBarController.m in Sources */ = {isa = PBXBuildFile; fileRef = 6AC98F5A20E3301500ABD44F /* MZTabBarController.m */; };
		6AC98F5E20E3373400ABD44F /* UIView+MZTool.m in Sources */ = {isa = PBXBuildFile; fileRef = 6AC98F5D20E3373400ABD44F /* UIView+MZTool.m */; };
		6AC98F6120E3389E00ABD44F /* NSObject+MZTool.m in Sources */ = {isa = PBXBuildFile; fileRef = 6AC98F6020E3389E00ABD44F /* NSObject+MZTool.m */; };
		6AC98F6420E3391D00ABD44F /* NSDictionary+MZTool.m in Sources */ = {isa = PBXBuildFile; fileRef = 6AC98F6320E3391D00ABD44F /* NSDictionary+MZTool.m */; };
		6AC98F6920E33A5900ABD44F /* PhoneNumberInputVC.m in Sources */ = {isa = PBXBuildFile; fileRef = 6AC98F6720E33A5900ABD44F /* PhoneNumberInputVC.m */; };
		6AC98F6A20E33A5900ABD44F /* PhoneNumberInputVC.xib in Resources */ = {isa = PBXBuildFile; fileRef = 6AC98F6820E33A5900ABD44F /* PhoneNumberInputVC.xib */; };
		6AC98F7120E35FD200ABD44F /* MZTextField.m in Sources */ = {isa = PBXBuildFile; fileRef = 6AC98F7020E35FD200ABD44F /* MZTextField.m */; };
		6AC98F7720E3645600ABD44F /* TableViewKeyboardHiddenVC.m in Sources */ = {isa = PBXBuildFile; fileRef = 6AC98F7520E3645600ABD44F /* TableViewKeyboardHiddenVC.m */; };
		6AC98F7820E3645600ABD44F /* TableViewKeyboardHiddenVC.xib in Resources */ = {isa = PBXBuildFile; fileRef = 6AC98F7620E3645600ABD44F /* TableViewKeyboardHiddenVC.xib */; };
		6AC98F7C20E36B1E00ABD44F /* OrientationVC.m in Sources */ = {isa = PBXBuildFile; fileRef = 6AC98F7B20E36B1E00ABD44F /* OrientationVC.m */; };
		6AC98F8520E465C200ABD44F /* CustomTransitionVC.m in Sources */ = {isa = PBXBuildFile; fileRef = 6AC98F8320E465C200ABD44F /* CustomTransitionVC.m */; };
		6AC98F8620E465C200ABD44F /* CustomTransitionVC.xib in Resources */ = {isa = PBXBuildFile; fileRef = 6AC98F8420E465C200ABD44F /* CustomTransitionVC.xib */; };
		6AC98F8920E46B2A00ABD44F /* UIViewController+MZTool.m in Sources */ = {isa = PBXBuildFile; fileRef = 6AC98F8820E46B2A00ABD44F /* UIViewController+MZTool.m */; };
		6AF6B1901FFF753D00CBB30F /* XibViewTestVC.m in Sources */ = {isa = PBXBuildFile; fileRef = 6AF6B18F1FFF753D00CBB30F /* XibViewTestVC.m */; };
		6AF6B1931FFF76A500CBB30F /* ErrorXibView.m in Sources */ = {isa = PBXBuildFile; fileRef = 6AF6B1921FFF76A500CBB30F /* ErrorXibView.m */; };
		6AF6B1951FFF76B100CBB30F /* ErrorXibView.xib in Resources */ = {isa = PBXBuildFile; fileRef = 6AF6B1941FFF76B100CBB30F /* ErrorXibView.xib */; };
		6AF6B1991FFF7C4E00CBB30F /* XibTestCell.m in Sources */ = {isa = PBXBuildFile; fileRef = 6AF6B1971FFF7C4E00CBB30F /* XibTestCell.m */; };
		6AF6B19A1FFF7C4E00CBB30F /* XibTestCell.xib in Resources */ = {isa = PBXBuildFile; fileRef = 6AF6B1981FFF7C4E00CBB30F /* XibTestCell.xib */; };
		6AF6B19E1FFF817400CBB30F /* WKWebView_MessageHandler.m in Sources */ = {isa = PBXBuildFile; fileRef = 6AF6B19D1FFF817400CBB30F /* WKWebView_MessageHandler.m */; };
		6AF7B9DD200062B700AC2015 /* JavaScriptAndOCFunVC.m in Sources */ = {isa = PBXBuildFile; fileRef = 6AF7B9DC200062B700AC2015 /* JavaScriptAndOCFunVC.m */; };
		6AF7B9DF2000643200AC2015 /* index1.html in Resources */ = {isa = PBXBuildFile; fileRef = 6AF7B9DE2000643100AC2015 /* index1.html */; };
		6AF7B9E72003219E00AC2015 /* UIWebView_URL.m in Sources */ = {isa = PBXBuildFile; fileRef = 6AF7B9E62003219E00AC2015 /* UIWebView_URL.m */; };
		6AF7B9EB20032E5E00AC2015 /* index2.html in Resources */ = {isa = PBXBuildFile; fileRef = 6AF7B9EA20032E5E00AC2015 /* index2.html */; };
		6AF7B9EE20033AE400AC2015 /* WKWebView_URL.m in Sources */ = {isa = PBXBuildFile; fileRef = 6AF7B9ED20033AE400AC2015 /* WKWebView_URL.m */; };
		6AF7B9F5200347A100AC2015 /* UIWebView_JSContext.m in Sources */ = {isa = PBXBuildFile; fileRef = 6AF7B9F4200347A100AC2015 /* UIWebView_JSContext.m */; };
		6AF7B9F7200348DD00AC2015 /* index3.html in Resources */ = {isa = PBXBuildFile; fileRef = 6AF7B9F6200348DD00AC2015 /* index3.html */; };
		6AF7B9FA20034DD600AC2015 /* UIWebView_JSExport.m in Sources */ = {isa = PBXBuildFile; fileRef = 6AF7B9F920034DD600AC2015 /* UIWebView_JSExport.m */; };
		6AF7B9FC200350DD00AC2015 /* index4.html in Resources */ = {isa = PBXBuildFile; fileRef = 6AF7B9FB200350DD00AC2015 /* index4.html */; };
		6AF7BA04200356B700AC2015 /* MZWebViewVC.m in Sources */ = {isa = PBXBuildFile; fileRef = 6AF7BA03200356B700AC2015 /* MZWebViewVC.m */; };
		6AF8D7EB200F3E0E00B4EBAA /* TestRuntimeModel.m in Sources */ = {isa = PBXBuildFile; fileRef = 6AF8D7EA200F3E0E00B4EBAA /* TestRuntimeModel.m */; };
		6AF8D7F2200F45EA00B4EBAA /* TestRuntimeVC.m in Sources */ = {isa = PBXBuildFile; fileRef = 6AF8D7F1200F45EA00B4EBAA /* TestRuntimeVC.m */; };
		F370EA13B9A38CA2939F7730 /* libPods-StudyDemo.a in Frameworks */ = {isa = PBXBuildFile; fileRef = 1683615C0CA75C38E66F3962 /* libPods-StudyDemo.a */; };
/* End PBXBuildFile section */

/* Begin PBXFileReference section */
		1683615C0CA75C38E66F3962 /* libPods-StudyDemo.a */ = {isa = PBXFileReference; explicitFileType = archive.ar; includeInIndex = 0; path = "libPods-StudyDemo.a"; sourceTree = BUILT_PRODUCTS_DIR; };
		6A0743C520233079009629E6 /* WaveViewTestVC.h */ = {isa = PBXFileReference; lastKnownFileType = sourcecode.c.h; path = WaveViewTestVC.h; sourceTree = "<group>"; };
		6A0743C620233079009629E6 /* WaveViewTestVC.m */ = {isa = PBXFileReference; lastKnownFileType = sourcecode.c.objc; path = WaveViewTestVC.m; sourceTree = "<group>"; };
		6A0743C9202330CB009629E6 /* MZWaveView.h */ = {isa = PBXFileReference; lastKnownFileType = sourcecode.c.h; path = MZWaveView.h; sourceTree = "<group>"; };
		6A0743CA202330CB009629E6 /* MZWaveView.m */ = {isa = PBXFileReference; lastKnownFileType = sourcecode.c.objc; path = MZWaveView.m; sourceTree = "<group>"; };
		6A26206320F7702D003F984D /* MZTestSDWebImageCell.h */ = {isa = PBXFileReference; lastKnownFileType = sourcecode.c.h; path = MZTestSDWebImageCell.h; sourceTree = "<group>"; };
		6A26206420F7702D003F984D /* MZTestSDWebImageCell.m */ = {isa = PBXFileReference; lastKnownFileType = sourcecode.c.objc; path = MZTestSDWebImageCell.m; sourceTree = "<group>"; };
		6A26206520F7702D003F984D /* MZTestSDWebImageCell.xib */ = {isa = PBXFileReference; lastKnownFileType = file.xib; path = MZTestSDWebImageCell.xib; sourceTree = "<group>"; };
		6A26206920F77196003F984D /* MZTestSDWebImageVC.h */ = {isa = PBXFileReference; lastKnownFileType = sourcecode.c.h; path = MZTestSDWebImageVC.h; sourceTree = "<group>"; };
		6A26206A20F77196003F984D /* MZTestSDWebImageVC.m */ = {isa = PBXFileReference; lastKnownFileType = sourcecode.c.objc; path = MZTestSDWebImageVC.m; sourceTree = "<group>"; };
		6A26206B20F77196003F984D /* MZTestSDWebImageVC.xib */ = {isa = PBXFileReference; lastKnownFileType = file.xib; path = MZTestSDWebImageVC.xib; sourceTree = "<group>"; };
		6A518DC12007333D00A69E70 /* MZNavigationController.h */ = {isa = PBXFileReference; lastKnownFileType = sourcecode.c.h; path = MZNavigationController.h; sourceTree = "<group>"; };
		6A518DC22007333D00A69E70 /* MZNavigationController.m */ = {isa = PBXFileReference; lastKnownFileType = sourcecode.c.objc; path = MZNavigationController.m; sourceTree = "<group>"; };
		6A518DC5200737D300A69E70 /* UIImage+MZTool.h */ = {isa = PBXFileReference; lastKnownFileType = sourcecode.c.h; path = "UIImage+MZTool.h"; sourceTree = "<group>"; };
		6A518DC6200737D300A69E70 /* UIImage+MZTool.m */ = {isa = PBXFileReference; lastKnownFileType = sourcecode.c.objc; path = "UIImage+MZTool.m"; sourceTree = "<group>"; };
		6A587B592007493D004D66F8 /* AboutNullVC.h */ = {isa = PBXFileReference; lastKnownFileType = sourcecode.c.h; path = AboutNullVC.h; sourceTree = "<group>"; };
		6A587B5A2007493D004D66F8 /* AboutNullVC.m */ = {isa = PBXFileReference; lastKnownFileType = sourcecode.c.objc; path = AboutNullVC.m; sourceTree = "<group>"; };
		6A587B5D200752D3004D66F8 /* DataHandleVC.h */ = {isa = PBXFileReference; lastKnownFileType = sourcecode.c.h; path = DataHandleVC.h; sourceTree = "<group>"; };
		6A587B5E200752D3004D66F8 /* DataHandleVC.m */ = {isa = PBXFileReference; lastKnownFileType = sourcecode.c.objc; path = DataHandleVC.m; sourceTree = "<group>"; };
		6A587B61200753E3004D66F8 /* FloatNumberDealWithRoundVC.h */ = {isa = PBXFileReference; lastKnownFileType = sourcecode.c.h; path = FloatNumberDealWithRoundVC.h; sourceTree = "<group>"; };
		6A587B62200753E3004D66F8 /* FloatNumberDealWithRoundVC.m */ = {isa = PBXFileReference; lastKnownFileType = sourcecode.c.objc; path = FloatNumberDealWithRoundVC.m; sourceTree = "<group>"; };
		6A587B6520075BC6004D66F8 /* DrawFuncVC.h */ = {isa = PBXFileReference; lastKnownFileType = sourcecode.c.h; path = DrawFuncVC.h; sourceTree = "<group>"; };
		6A587B6620075BC6004D66F8 /* DrawFuncVC.m */ = {isa = PBXFileReference; lastKnownFileType = sourcecode.c.objc; path = DrawFuncVC.m; sourceTree = "<group>"; };
		6A587B6920075CB2004D66F8 /* CreateImageWithColorVC.h */ = {isa = PBXFileReference; lastKnownFileType = sourcecode.c.h; path = CreateImageWithColorVC.h; sourceTree = "<group>"; };
		6A587B6A20075CB2004D66F8 /* CreateImageWithColorVC.m */ = {isa = PBXFileReference; lastKnownFileType = sourcecode.c.objc; path = CreateImageWithColorVC.m; sourceTree = "<group>"; };
		6A587B6D20075F8F004D66F8 /* BezierPathVC.h */ = {isa = PBXFileReference; lastKnownFileType = sourcecode.c.h; path = BezierPathVC.h; sourceTree = "<group>"; };
		6A587B6E20075F8F004D66F8 /* BezierPathVC.m */ = {isa = PBXFileReference; lastKnownFileType = sourcecode.c.objc; path = BezierPathVC.m; sourceTree = "<group>"; };
		6A587B7120076145004D66F8 /* LineView.h */ = {isa = PBXFileReference; lastKnownFileType = sourcecode.c.h; path = LineView.h; sourceTree = "<group>"; };
		6A587B7220076145004D66F8 /* LineView.m */ = {isa = PBXFileReference; lastKnownFileType = sourcecode.c.objc; path = LineView.m; sourceTree = "<group>"; };
		6A587B74200764CB004D66F8 /* PolygonView.h */ = {isa = PBXFileReference; lastKnownFileType = sourcecode.c.h; path = PolygonView.h; sourceTree = "<group>"; };
		6A587B75200764CB004D66F8 /* PolygonView.m */ = {isa = PBXFileReference; lastKnownFileType = sourcecode.c.objc; path = PolygonView.m; sourceTree = "<group>"; };
		6A587B7720076863004D66F8 /* RectangleView.h */ = {isa = PBXFileReference; lastKnownFileType = sourcecode.c.h; path = RectangleView.h; sourceTree = "<group>"; };
		6A587B7820076863004D66F8 /* RectangleView.m */ = {isa = PBXFileReference; lastKnownFileType = sourcecode.c.objc; path = RectangleView.m; sourceTree = "<group>"; };
		6A587B7A20076971004D66F8 /* CircleView.h */ = {isa = PBXFileReference; lastKnownFileType = sourcecode.c.h; path = CircleView.h; sourceTree = "<group>"; };
		6A587B7B20076971004D66F8 /* CircleView.m */ = {isa = PBXFileReference; lastKnownFileType = sourcecode.c.objc; path = CircleView.m; sourceTree = "<group>"; };
		6A587B7D20076AFB004D66F8 /* ArcView.h */ = {isa = PBXFileReference; lastKnownFileType = sourcecode.c.h; path = ArcView.h; sourceTree = "<group>"; };
		6A587B7E20076AFB004D66F8 /* ArcView.m */ = {isa = PBXFileReference; lastKnownFileType = sourcecode.c.objc; path = ArcView.m; sourceTree = "<group>"; };
		6A587B8020076D14004D66F8 /* cornerRadiusView.h */ = {isa = PBXFileReference; lastKnownFileType = sourcecode.c.h; path = cornerRadiusView.h; sourceTree = "<group>"; };
		6A587B8120076D14004D66F8 /* cornerRadiusView.m */ = {isa = PBXFileReference; lastKnownFileType = sourcecode.c.objc; path = cornerRadiusView.m; sourceTree = "<group>"; };
		6A587B8520089D7D004D66F8 /* ShapeLayerMaskVC.h */ = {isa = PBXFileReference; lastKnownFileType = sourcecode.c.h; path = ShapeLayerMaskVC.h; sourceTree = "<group>"; };
		6A587B8620089D7D004D66F8 /* ShapeLayerMaskVC.m */ = {isa = PBXFileReference; lastKnownFileType = sourcecode.c.objc; path = ShapeLayerMaskVC.m; sourceTree = "<group>"; };
		6A587B892008A74A004D66F8 /* MZCircleProgress.h */ = {isa = PBXFileReference; lastKnownFileType = sourcecode.c.h; path = MZCircleProgress.h; sourceTree = "<group>"; };
		6A587B8A2008A74A004D66F8 /* MZCircleProgress.m */ = {isa = PBXFileReference; lastKnownFileType = sourcecode.c.objc; path = MZCircleProgress.m; sourceTree = "<group>"; };
		6A587B8F200B7992004D66F8 /* UILabel+MZTool.h */ = {isa = PBXFileReference; lastKnownFileType = sourcecode.c.h; path = "UILabel+MZTool.h"; sourceTree = "<group>"; };
		6A587B90200B7992004D66F8 /* UILabel+MZTool.m */ = {isa = PBXFileReference; lastKnownFileType = sourcecode.c.objc; path = "UILabel+MZTool.m"; sourceTree = "<group>"; };
		6A587B93200B7D76004D66F8 /* LineLabelTestVC.h */ = {isa = PBXFileReference; lastKnownFileType = sourcecode.c.h; path = LineLabelTestVC.h; sourceTree = "<group>"; };
		6A587B94200B7D76004D66F8 /* LineLabelTestVC.m */ = {isa = PBXFileReference; lastKnownFileType = sourcecode.c.objc; path = LineLabelTestVC.m; sourceTree = "<group>"; };
		6A587B9C200C2D3F004D66F8 /* ClipsImageVC.h */ = {isa = PBXFileReference; lastKnownFileType = sourcecode.c.h; path = ClipsImageVC.h; sourceTree = "<group>"; };
		6A587B9D200C2D3F004D66F8 /* ClipsImageVC.m */ = {isa = PBXFileReference; lastKnownFileType = sourcecode.c.objc; path = ClipsImageVC.m; sourceTree = "<group>"; };
		6A587B9F200C2E34004D66F8 /* 艾斯.jpg */ = {isa = PBXFileReference; lastKnownFileType = image.jpeg; path = "艾斯.jpg"; sourceTree = "<group>"; };
		6A587BA4200C47A1004D66F8 /* TestAttrinuteStringTapVC.h */ = {isa = PBXFileReference; lastKnownFileType = sourcecode.c.h; path = TestAttrinuteStringTapVC.h; sourceTree = "<group>"; };
		6A587BA5200C47A1004D66F8 /* TestAttrinuteStringTapVC.m */ = {isa = PBXFileReference; lastKnownFileType = sourcecode.c.objc; path = TestAttrinuteStringTapVC.m; sourceTree = "<group>"; };
		6A587BA8200C4BD7004D66F8 /* UILabel+YBAttributeTextTapAction.m */ = {isa = PBXFileReference; fileEncoding = 4; lastKnownFileType = sourcecode.c.objc; path = "UILabel+YBAttributeTextTapAction.m"; sourceTree = "<group>"; };
		6A587BA9200C4BD7004D66F8 /* UILabel+YBAttributeTextTapAction.h */ = {isa = PBXFileReference; fileEncoding = 4; lastKnownFileType = sourcecode.c.h; path = "UILabel+YBAttributeTextTapAction.h"; sourceTree = "<group>"; };
		6A587BAD200C4D57004D66F8 /* UILabelTextFitVC.h */ = {isa = PBXFileReference; lastKnownFileType = sourcecode.c.h; path = UILabelTextFitVC.h; sourceTree = "<group>"; };
		6A587BAE200C4D57004D66F8 /* UILabelTextFitVC.m */ = {isa = PBXFileReference; lastKnownFileType = sourcecode.c.objc; path = UILabelTextFitVC.m; sourceTree = "<group>"; };
		6A587BB0200C4F20004D66F8 /* ViewFitFuncVC.h */ = {isa = PBXFileReference; lastKnownFileType = sourcecode.c.h; path = ViewFitFuncVC.h; sourceTree = "<group>"; };
		6A587BB1200C4F20004D66F8 /* ViewFitFuncVC.m */ = {isa = PBXFileReference; lastKnownFileType = sourcecode.c.objc; path = ViewFitFuncVC.m; sourceTree = "<group>"; };
		6A587BB7200C55E5004D66F8 /* UIImageViewFitVC.h */ = {isa = PBXFileReference; lastKnownFileType = sourcecode.c.h; path = UIImageViewFitVC.h; sourceTree = "<group>"; };
		6A587BB8200C55E5004D66F8 /* UIImageViewFitVC.m */ = {isa = PBXFileReference; lastKnownFileType = sourcecode.c.objc; path = UIImageViewFitVC.m; sourceTree = "<group>"; };
		6A587BBC200C8116004D66F8 /* TestFitCell.h */ = {isa = PBXFileReference; lastKnownFileType = sourcecode.c.h; path = TestFitCell.h; sourceTree = "<group>"; };
		6A587BBD200C8116004D66F8 /* TestFitCell.m */ = {isa = PBXFileReference; lastKnownFileType = sourcecode.c.objc; path = TestFitCell.m; sourceTree = "<group>"; };
		6A587BC0200C82CD004D66F8 /* TestFitModel.h */ = {isa = PBXFileReference; lastKnownFileType = sourcecode.c.h; path = TestFitModel.h; sourceTree = "<group>"; };
		6A587BC1200C82CD004D66F8 /* TestFitModel.m */ = {isa = PBXFileReference; lastKnownFileType = sourcecode.c.objc; path = TestFitModel.m; sourceTree = "<group>"; };
		6A587BC3200C86AF004D66F8 /* TestCellFitVC.h */ = {isa = PBXFileReference; lastKnownFileType = sourcecode.c.h; path = TestCellFitVC.h; sourceTree = "<group>"; };
		6A587BC4200C86AF004D66F8 /* TestCellFitVC.m */ = {isa = PBXFileReference; lastKnownFileType = sourcecode.c.objc; path = TestCellFitVC.m; sourceTree = "<group>"; };
		6A587BC6200C886E004D66F8 /* 路飞.jpg */ = {isa = PBXFileReference; lastKnownFileType = image.jpeg; path = "路飞.jpg"; sourceTree = "<group>"; };
		6A587BCA200C8C7A004D66F8 /* 索隆.jpg */ = {isa = PBXFileReference; lastKnownFileType = image.jpeg; path = "索隆.jpg"; sourceTree = "<group>"; };
		6A587BCD200C8D8B004D66F8 /* WebViewFitVC.h */ = {isa = PBXFileReference; lastKnownFileType = sourcecode.c.h; path = WebViewFitVC.h; sourceTree = "<group>"; };
		6A587BCE200C8D8B004D66F8 /* WebViewFitVC.m */ = {isa = PBXFileReference; lastKnownFileType = sourcecode.c.objc; path = WebViewFitVC.m; sourceTree = "<group>"; };
		6A587BD6200C989D004D66F8 /* testFit.html */ = {isa = PBXFileReference; fileEncoding = 4; lastKnownFileType = text.html; path = testFit.html; sourceTree = "<group>"; };
		6A587BD8200C9D15004D66F8 /* 孙亚龙.jpg */ = {isa = PBXFileReference; lastKnownFileType = image.jpeg; path = "孙亚龙.jpg"; sourceTree = "<group>"; };
		6A587BF3200D8CB9004D66F8 /* WaterFlowTestVC.h */ = {isa = PBXFileReference; lastKnownFileType = sourcecode.c.h; path = WaterFlowTestVC.h; sourceTree = "<group>"; };
		6A587BF4200D8CB9004D66F8 /* WaterFlowTestVC.m */ = {isa = PBXFileReference; lastKnownFileType = sourcecode.c.objc; path = WaterFlowTestVC.m; sourceTree = "<group>"; };
		6A587BF9200D8D50004D66F8 /* MZWaterFlowLayout.h */ = {isa = PBXFileReference; lastKnownFileType = sourcecode.c.h; path = MZWaterFlowLayout.h; sourceTree = "<group>"; };
		6A587BFA200D8D50004D66F8 /* MZWaterFlowLayout.m */ = {isa = PBXFileReference; lastKnownFileType = sourcecode.c.objc; path = MZWaterFlowLayout.m; sourceTree = "<group>"; };
		6A587BFC200D911D004D66F8 /* WaterFlowModel.h */ = {isa = PBXFileReference; lastKnownFileType = sourcecode.c.h; path = WaterFlowModel.h; sourceTree = "<group>"; };
		6A587BFD200D911D004D66F8 /* WaterFlowModel.m */ = {isa = PBXFileReference; lastKnownFileType = sourcecode.c.objc; path = WaterFlowModel.m; sourceTree = "<group>"; };
		6A587BFF200D9846004D66F8 /* WaterFlowTestCell.h */ = {isa = PBXFileReference; lastKnownFileType = sourcecode.c.h; path = WaterFlowTestCell.h; sourceTree = "<group>"; };
		6A587C00200D9846004D66F8 /* WaterFlowTestCell.m */ = {isa = PBXFileReference; lastKnownFileType = sourcecode.c.objc; path = WaterFlowTestCell.m; sourceTree = "<group>"; };
		6A587C01200D9846004D66F8 /* WaterFlowTestCell.xib */ = {isa = PBXFileReference; lastKnownFileType = file.xib; path = WaterFlowTestCell.xib; sourceTree = "<group>"; };
		6A587C04200D9EFD004D66F8 /* waterFlow.plist */ = {isa = PBXFileReference; fileEncoding = 4; lastKnownFileType = text.plist.xml; path = waterFlow.plist; sourceTree = "<group>"; };
		6A8540DC1FFB0EC000913301 /* StudyDemo.app */ = {isa = PBXFileReference; explicitFileType = wrapper.application; includeInIndex = 0; path = StudyDemo.app; sourceTree = BUILT_PRODUCTS_DIR; };
		6A8540DF1FFB0EC000913301 /* AppDelegate.h */ = {isa = PBXFileReference; lastKnownFileType = sourcecode.c.h; path = AppDelegate.h; sourceTree = "<group>"; };
		6A8540E01FFB0EC000913301 /* AppDelegate.m */ = {isa = PBXFileReference; lastKnownFileType = sourcecode.c.objc; path = AppDelegate.m; sourceTree = "<group>"; };
		6A8540E21FFB0EC000913301 /* ViewController.h */ = {isa = PBXFileReference; lastKnownFileType = sourcecode.c.h; path = ViewController.h; sourceTree = "<group>"; };
		6A8540E31FFB0EC000913301 /* ViewController.m */ = {isa = PBXFileReference; lastKnownFileType = sourcecode.c.objc; path = ViewController.m; sourceTree = "<group>"; };
		6A8540E81FFB0EC000913301 /* Assets.xcassets */ = {isa = PBXFileReference; lastKnownFileType = folder.assetcatalog; path = Assets.xcassets; sourceTree = "<group>"; };
		6A8540ED1FFB0EC000913301 /* Info.plist */ = {isa = PBXFileReference; lastKnownFileType = text.plist.xml; path = Info.plist; sourceTree = "<group>"; };
		6A8540EE1FFB0EC000913301 /* main.m */ = {isa = PBXFileReference; lastKnownFileType = sourcecode.c.objc; path = main.m; sourceTree = "<group>"; };
		6A8540F61FFB13BD00913301 /* functionList.plist */ = {isa = PBXFileReference; lastKnownFileType = text.plist.xml; path = functionList.plist; sourceTree = "<group>"; };
		6A8540F91FFB1A2E00913301 /* PrefixHeader.pch */ = {isa = PBXFileReference; lastKnownFileType = sourcecode.c.h; path = PrefixHeader.pch; sourceTree = "<group>"; };
		6A8540FD1FFB1F5100913301 /* ScanBarCodeVC.h */ = {isa = PBXFileReference; lastKnownFileType = sourcecode.c.h; path = ScanBarCodeVC.h; sourceTree = "<group>"; };
		6A8540FE1FFB1F5100913301 /* ScanBarCodeVC.m */ = {isa = PBXFileReference; lastKnownFileType = sourcecode.c.objc; path = ScanBarCodeVC.m; sourceTree = "<group>"; };
		6A8541001FFB239F00913301 /* scan.wav */ = {isa = PBXFileReference; lastKnownFileType = audio.wav; path = scan.wav; sourceTree = "<group>"; };
		6A8541051FFB298500913301 /* MZButton.h */ = {isa = PBXFileReference; lastKnownFileType = sourcecode.c.h; path = MZButton.h; sourceTree = "<group>"; };
		6A8541061FFB298500913301 /* MZButton.m */ = {isa = PBXFileReference; lastKnownFileType = sourcecode.c.objc; path = MZButton.m; sourceTree = "<group>"; };
		6A8541091FFB2D2500913301 /* BarCodeFuncVC.h */ = {isa = PBXFileReference; lastKnownFileType = sourcecode.c.h; path = BarCodeFuncVC.h; sourceTree = "<group>"; };
		6A85410A1FFB2D2500913301 /* BarCodeFuncVC.m */ = {isa = PBXFileReference; lastKnownFileType = sourcecode.c.objc; path = BarCodeFuncVC.m; sourceTree = "<group>"; };
		6A85410C1FFB2FB600913301 /* CreateBarCodeVC.h */ = {isa = PBXFileReference; lastKnownFileType = sourcecode.c.h; path = CreateBarCodeVC.h; sourceTree = "<group>"; };
		6A85410D1FFB2FB600913301 /* CreateBarCodeVC.m */ = {isa = PBXFileReference; lastKnownFileType = sourcecode.c.objc; path = CreateBarCodeVC.m; sourceTree = "<group>"; };
		6A85410F1FFB34B600913301 /* VerifyImageBarCodeVC.h */ = {isa = PBXFileReference; lastKnownFileType = sourcecode.c.h; path = VerifyImageBarCodeVC.h; sourceTree = "<group>"; };
		6A8541101FFB34B600913301 /* VerifyImageBarCodeVC.m */ = {isa = PBXFileReference; lastKnownFileType = sourcecode.c.objc; path = VerifyImageBarCodeVC.m; sourceTree = "<group>"; };
		6A8541121FFB359E00913301 /* barcode.png */ = {isa = PBXFileReference; lastKnownFileType = image.png; path = barcode.png; sourceTree = "<group>"; };
		6A85411F1FFB53F600913301 /* MBProgressHUD+SN.h */ = {isa = PBXFileReference; fileEncoding = 4; lastKnownFileType = sourcecode.c.h; path = "MBProgressHUD+SN.h"; sourceTree = "<group>"; };
		6A8541201FFB53F600913301 /* MBProgressHUD+SN.m */ = {isa = PBXFileReference; fileEncoding = 4; lastKnownFileType = sourcecode.c.objc; path = "MBProgressHUD+SN.m"; sourceTree = "<group>"; };
		6A8541221FFB547A00913301 /* AddressBookController.h */ = {isa = PBXFileReference; lastKnownFileType = sourcecode.c.h; path = AddressBookController.h; sourceTree = "<group>"; };
		6A8541231FFB547A00913301 /* AddressBookController.m */ = {isa = PBXFileReference; lastKnownFileType = sourcecode.c.objc; path = AddressBookController.m; sourceTree = "<group>"; };
		6A8541261FFB567100913301 /* MZContactModel.h */ = {isa = PBXFileReference; lastKnownFileType = sourcecode.c.h; path = MZContactModel.h; sourceTree = "<group>"; };
		6A8541271FFB567100913301 /* MZContactModel.m */ = {isa = PBXFileReference; lastKnownFileType = sourcecode.c.objc; path = MZContactModel.m; sourceTree = "<group>"; };
		6A8541291FFB58CE00913301 /* GetContactMethodListVC.h */ = {isa = PBXFileReference; lastKnownFileType = sourcecode.c.h; path = GetContactMethodListVC.h; sourceTree = "<group>"; };
		6A85412A1FFB58CE00913301 /* GetContactMethodListVC.m */ = {isa = PBXFileReference; lastKnownFileType = sourcecode.c.objc; path = GetContactMethodListVC.m; sourceTree = "<group>"; };
		6A85412C1FFB670700913301 /* ContactsUIVC.h */ = {isa = PBXFileReference; lastKnownFileType = sourcecode.c.h; path = ContactsUIVC.h; sourceTree = "<group>"; };
		6A85412D1FFB670700913301 /* ContactsUIVC.m */ = {isa = PBXFileReference; lastKnownFileType = sourcecode.c.objc; path = ContactsUIVC.m; sourceTree = "<group>"; };
		6A85413B1FFB8E5200913301 /* XibView.h */ = {isa = PBXFileReference; lastKnownFileType = sourcecode.c.h; path = XibView.h; sourceTree = "<group>"; };
		6A85413C1FFB8E5200913301 /* XibView.m */ = {isa = PBXFileReference; lastKnownFileType = sourcecode.c.objc; path = XibView.m; sourceTree = "<group>"; };
		6A85413E1FFB8E5F00913301 /* XibView.xib */ = {isa = PBXFileReference; lastKnownFileType = file.xib; path = XibView.xib; sourceTree = "<group>"; };
		6AC98F4B20E20DA700ABD44F /* SystemFuncVC.h */ = {isa = PBXFileReference; lastKnownFileType = sourcecode.c.h; path = SystemFuncVC.h; sourceTree = "<group>"; };
		6AC98F4C20E20DA700ABD44F /* SystemFuncVC.m */ = {isa = PBXFileReference; lastKnownFileType = sourcecode.c.objc; path = SystemFuncVC.m; sourceTree = "<group>"; };
		6AC98F4F20E2177700ABD44F /* MessageUI.framework */ = {isa = PBXFileReference; lastKnownFileType = wrapper.framework; name = MessageUI.framework; path = System/Library/Frameworks/MessageUI.framework; sourceTree = SDKROOT; };
		6AC98F5220E3266700ABD44F /* ShapeLayerAnimationVC.h */ = {isa = PBXFileReference; lastKnownFileType = sourcecode.c.h; path = ShapeLayerAnimationVC.h; sourceTree = "<group>"; };
		6AC98F5320E3266700ABD44F /* ShapeLayerAnimationVC.m */ = {isa = PBXFileReference; lastKnownFileType = sourcecode.c.objc; path = ShapeLayerAnimationVC.m; sourceTree = "<group>"; };
		6AC98F5620E32FFF00ABD44F /* MZTabBar.h */ = {isa = PBXFileReference; lastKnownFileType = sourcecode.c.h; path = MZTabBar.h; sourceTree = "<group>"; };
		6AC98F5720E32FFF00ABD44F /* MZTabBar.m */ = {isa = PBXFileReference; lastKnownFileType = sourcecode.c.objc; path = MZTabBar.m; sourceTree = "<group>"; };
		6AC98F5920E3301500ABD44F /* MZTabBarController.h */ = {isa = PBXFileReference; lastKnownFileType = sourcecode.c.h; path = MZTabBarController.h; sourceTree = "<group>"; };
		6AC98F5A20E3301500ABD44F /* MZTabBarController.m */ = {isa = PBXFileReference; lastKnownFileType = sourcecode.c.objc; path = MZTabBarController.m; sourceTree = "<group>"; };
		6AC98F5C20E3373400ABD44F /* UIView+MZTool.h */ = {isa = PBXFileReference; lastKnownFileType = sourcecode.c.h; path = "UIView+MZTool.h"; sourceTree = "<group>"; };
		6AC98F5D20E3373400ABD44F /* UIView+MZTool.m */ = {isa = PBXFileReference; lastKnownFileType = sourcecode.c.objc; path = "UIView+MZTool.m"; sourceTree = "<group>"; };
		6AC98F5F20E3389E00ABD44F /* NSObject+MZTool.h */ = {isa = PBXFileReference; lastKnownFileType = sourcecode.c.h; path = "NSObject+MZTool.h"; sourceTree = "<group>"; };
		6AC98F6020E3389E00ABD44F /* NSObject+MZTool.m */ = {isa = PBXFileReference; lastKnownFileType = sourcecode.c.objc; path = "NSObject+MZTool.m"; sourceTree = "<group>"; };
		6AC98F6220E3391D00ABD44F /* NSDictionary+MZTool.h */ = {isa = PBXFileReference; lastKnownFileType = sourcecode.c.h; path = "NSDictionary+MZTool.h"; sourceTree = "<group>"; };
		6AC98F6320E3391D00ABD44F /* NSDictionary+MZTool.m */ = {isa = PBXFileReference; lastKnownFileType = sourcecode.c.objc; path = "NSDictionary+MZTool.m"; sourceTree = "<group>"; };
		6AC98F6620E33A5900ABD44F /* PhoneNumberInputVC.h */ = {isa = PBXFileReference; lastKnownFileType = sourcecode.c.h; path = PhoneNumberInputVC.h; sourceTree = "<group>"; };
		6AC98F6720E33A5900ABD44F /* PhoneNumberInputVC.m */ = {isa = PBXFileReference; lastKnownFileType = sourcecode.c.objc; path = PhoneNumberInputVC.m; sourceTree = "<group>"; };
		6AC98F6820E33A5900ABD44F /* PhoneNumberInputVC.xib */ = {isa = PBXFileReference; lastKnownFileType = file.xib; path = PhoneNumberInputVC.xib; sourceTree = "<group>"; };
		6AC98F6F20E35FD200ABD44F /* MZTextField.h */ = {isa = PBXFileReference; lastKnownFileType = sourcecode.c.h; path = MZTextField.h; sourceTree = "<group>"; };
		6AC98F7020E35FD200ABD44F /* MZTextField.m */ = {isa = PBXFileReference; lastKnownFileType = sourcecode.c.objc; path = MZTextField.m; sourceTree = "<group>"; };
		6AC98F7420E3645600ABD44F /* TableViewKeyboardHiddenVC.h */ = {isa = PBXFileReference; lastKnownFileType = sourcecode.c.h; path = TableViewKeyboardHiddenVC.h; sourceTree = "<group>"; };
		6AC98F7520E3645600ABD44F /* TableViewKeyboardHiddenVC.m */ = {isa = PBXFileReference; lastKnownFileType = sourcecode.c.objc; path = TableViewKeyboardHiddenVC.m; sourceTree = "<group>"; };
		6AC98F7620E3645600ABD44F /* TableViewKeyboardHiddenVC.xib */ = {isa = PBXFileReference; lastKnownFileType = file.xib; path = TableViewKeyboardHiddenVC.xib; sourceTree = "<group>"; };
		6AC98F7A20E36B1E00ABD44F /* OrientationVC.h */ = {isa = PBXFileReference; lastKnownFileType = sourcecode.c.h; path = OrientationVC.h; sourceTree = "<group>"; };
		6AC98F7B20E36B1E00ABD44F /* OrientationVC.m */ = {isa = PBXFileReference; lastKnownFileType = sourcecode.c.objc; path = OrientationVC.m; sourceTree = "<group>"; };
		6AC98F8220E465C200ABD44F /* CustomTransitionVC.h */ = {isa = PBXFileReference; lastKnownFileType = sourcecode.c.h; path = CustomTransitionVC.h; sourceTree = "<group>"; };
		6AC98F8320E465C200ABD44F /* CustomTransitionVC.m */ = {isa = PBXFileReference; lastKnownFileType = sourcecode.c.objc; path = CustomTransitionVC.m; sourceTree = "<group>"; };
		6AC98F8420E465C200ABD44F /* CustomTransitionVC.xib */ = {isa = PBXFileReference; lastKnownFileType = file.xib; path = CustomTransitionVC.xib; sourceTree = "<group>"; };
		6AC98F8720E46B2A00ABD44F /* UIViewController+MZTool.h */ = {isa = PBXFileReference; lastKnownFileType = sourcecode.c.h; path = "UIViewController+MZTool.h"; sourceTree = "<group>"; };
		6AC98F8820E46B2A00ABD44F /* UIViewController+MZTool.m */ = {isa = PBXFileReference; lastKnownFileType = sourcecode.c.objc; path = "UIViewController+MZTool.m"; sourceTree = "<group>"; };
		6AF6B18E1FFF753D00CBB30F /* XibViewTestVC.h */ = {isa = PBXFileReference; lastKnownFileType = sourcecode.c.h; path = XibViewTestVC.h; sourceTree = "<group>"; };
		6AF6B18F1FFF753D00CBB30F /* XibViewTestVC.m */ = {isa = PBXFileReference; lastKnownFileType = sourcecode.c.objc; path = XibViewTestVC.m; sourceTree = "<group>"; };
		6AF6B1911FFF76A500CBB30F /* ErrorXibView.h */ = {isa = PBXFileReference; lastKnownFileType = sourcecode.c.h; path = ErrorXibView.h; sourceTree = "<group>"; };
		6AF6B1921FFF76A500CBB30F /* ErrorXibView.m */ = {isa = PBXFileReference; lastKnownFileType = sourcecode.c.objc; path = ErrorXibView.m; sourceTree = "<group>"; };
		6AF6B1941FFF76B100CBB30F /* ErrorXibView.xib */ = {isa = PBXFileReference; lastKnownFileType = file.xib; path = ErrorXibView.xib; sourceTree = "<group>"; };
		6AF6B1961FFF7C4E00CBB30F /* XibTestCell.h */ = {isa = PBXFileReference; lastKnownFileType = sourcecode.c.h; path = XibTestCell.h; sourceTree = "<group>"; };
		6AF6B1971FFF7C4E00CBB30F /* XibTestCell.m */ = {isa = PBXFileReference; lastKnownFileType = sourcecode.c.objc; path = XibTestCell.m; sourceTree = "<group>"; };
		6AF6B1981FFF7C4E00CBB30F /* XibTestCell.xib */ = {isa = PBXFileReference; lastKnownFileType = file.xib; path = XibTestCell.xib; sourceTree = "<group>"; };
		6AF6B19C1FFF817400CBB30F /* WKWebView_MessageHandler.h */ = {isa = PBXFileReference; lastKnownFileType = sourcecode.c.h; path = WKWebView_MessageHandler.h; sourceTree = "<group>"; };
		6AF6B19D1FFF817400CBB30F /* WKWebView_MessageHandler.m */ = {isa = PBXFileReference; lastKnownFileType = sourcecode.c.objc; path = WKWebView_MessageHandler.m; sourceTree = "<group>"; };
		6AF7B9DB200062B700AC2015 /* JavaScriptAndOCFunVC.h */ = {isa = PBXFileReference; lastKnownFileType = sourcecode.c.h; path = JavaScriptAndOCFunVC.h; sourceTree = "<group>"; };
		6AF7B9DC200062B700AC2015 /* JavaScriptAndOCFunVC.m */ = {isa = PBXFileReference; lastKnownFileType = sourcecode.c.objc; path = JavaScriptAndOCFunVC.m; sourceTree = "<group>"; };
		6AF7B9DE2000643100AC2015 /* index1.html */ = {isa = PBXFileReference; fileEncoding = 4; lastKnownFileType = text.html; path = index1.html; sourceTree = "<group>"; };
		6AF7B9E52003219E00AC2015 /* UIWebView_URL.h */ = {isa = PBXFileReference; lastKnownFileType = sourcecode.c.h; path = UIWebView_URL.h; sourceTree = "<group>"; };
		6AF7B9E62003219E00AC2015 /* UIWebView_URL.m */ = {isa = PBXFileReference; lastKnownFileType = sourcecode.c.objc; path = UIWebView_URL.m; sourceTree = "<group>"; };
		6AF7B9EA20032E5E00AC2015 /* index2.html */ = {isa = PBXFileReference; fileEncoding = 4; lastKnownFileType = text.html; path = index2.html; sourceTree = "<group>"; };
		6AF7B9EC20033AE400AC2015 /* WKWebView_URL.h */ = {isa = PBXFileReference; lastKnownFileType = sourcecode.c.h; path = WKWebView_URL.h; sourceTree = "<group>"; };
		6AF7B9ED20033AE400AC2015 /* WKWebView_URL.m */ = {isa = PBXFileReference; lastKnownFileType = sourcecode.c.objc; path = WKWebView_URL.m; sourceTree = "<group>"; };
		6AF7B9F3200347A000AC2015 /* UIWebView_JSContext.h */ = {isa = PBXFileReference; fileEncoding = 4; lastKnownFileType = sourcecode.c.h; path = UIWebView_JSContext.h; sourceTree = "<group>"; };
		6AF7B9F4200347A100AC2015 /* UIWebView_JSContext.m */ = {isa = PBXFileReference; fileEncoding = 4; lastKnownFileType = sourcecode.c.objc; path = UIWebView_JSContext.m; sourceTree = "<group>"; };
		6AF7B9F6200348DD00AC2015 /* index3.html */ = {isa = PBXFileReference; fileEncoding = 4; lastKnownFileType = text.html; path = index3.html; sourceTree = "<group>"; };
		6AF7B9F820034DD600AC2015 /* UIWebView_JSExport.h */ = {isa = PBXFileReference; lastKnownFileType = sourcecode.c.h; path = UIWebView_JSExport.h; sourceTree = "<group>"; };
		6AF7B9F920034DD600AC2015 /* UIWebView_JSExport.m */ = {isa = PBXFileReference; lastKnownFileType = sourcecode.c.objc; path = UIWebView_JSExport.m; sourceTree = "<group>"; };
		6AF7B9FB200350DD00AC2015 /* index4.html */ = {isa = PBXFileReference; fileEncoding = 4; lastKnownFileType = text.html; path = index4.html; sourceTree = "<group>"; };
		6AF7BA02200356B700AC2015 /* MZWebViewVC.h */ = {isa = PBXFileReference; lastKnownFileType = sourcecode.c.h; path = MZWebViewVC.h; sourceTree = "<group>"; };
		6AF7BA03200356B700AC2015 /* MZWebViewVC.m */ = {isa = PBXFileReference; lastKnownFileType = sourcecode.c.objc; path = MZWebViewVC.m; sourceTree = "<group>"; };
		6AF8D7E9200F3E0E00B4EBAA /* TestRuntimeModel.h */ = {isa = PBXFileReference; lastKnownFileType = sourcecode.c.h; path = TestRuntimeModel.h; sourceTree = "<group>"; };
		6AF8D7EA200F3E0E00B4EBAA /* TestRuntimeModel.m */ = {isa = PBXFileReference; lastKnownFileType = sourcecode.c.objc; path = TestRuntimeModel.m; sourceTree = "<group>"; };
		6AF8D7F0200F45EA00B4EBAA /* TestRuntimeVC.h */ = {isa = PBXFileReference; lastKnownFileType = sourcecode.c.h; path = TestRuntimeVC.h; sourceTree = "<group>"; };
		6AF8D7F1200F45EA00B4EBAA /* TestRuntimeVC.m */ = {isa = PBXFileReference; lastKnownFileType = sourcecode.c.objc; path = TestRuntimeVC.m; sourceTree = "<group>"; };
		A31D7C2BD6403CB3E33BA522 /* Pods-StudyDemo.release.xcconfig */ = {isa = PBXFileReference; includeInIndex = 1; lastKnownFileType = text.xcconfig; name = "Pods-StudyDemo.release.xcconfig"; path = "Pods/Target Support Files/Pods-StudyDemo/Pods-StudyDemo.release.xcconfig"; sourceTree = "<group>"; };
		CCB9E81D947F7ACA5A4BA113 /* Pods-StudyDemo.debug.xcconfig */ = {isa = PBXFileReference; includeInIndex = 1; lastKnownFileType = text.xcconfig; name = "Pods-StudyDemo.debug.xcconfig"; path = "Pods/Target Support Files/Pods-StudyDemo/Pods-StudyDemo.debug.xcconfig"; sourceTree = "<group>"; };
/* End PBXFileReference section */

/* Begin PBXFrameworksBuildPhase section */
		6A8540D91FFB0EC000913301 /* Frameworks */ = {
			isa = PBXFrameworksBuildPhase;
			buildActionMask = 2147483647;
			files = (
				F370EA13B9A38CA2939F7730 /* libPods-StudyDemo.a in Frameworks */,
			);
			runOnlyForDeploymentPostprocessing = 0;
		};
/* End PBXFrameworksBuildPhase section */

/* Begin PBXGroup section */
		0F0F9493EE6CAF6EB2D0BF98 /* Frameworks */ = {
			isa = PBXGroup;
			children = (
				6AC98F4F20E2177700ABD44F /* MessageUI.framework */,
				1683615C0CA75C38E66F3962 /* libPods-StudyDemo.a */,
			);
			name = Frameworks;
			sourceTree = "<group>";
		};
		6A0743C420233024009629E6 /* 双波浪UI */ = {
			isa = PBXGroup;
			children = (
				6A0743C82023308A009629E6 /* View */,
				6A0743C520233079009629E6 /* WaveViewTestVC.h */,
				6A0743C620233079009629E6 /* WaveViewTestVC.m */,
			);
			path = "双波浪UI";
			sourceTree = "<group>";
		};
		6A0743C82023308A009629E6 /* View */ = {
			isa = PBXGroup;
			children = (
				6A0743C9202330CB009629E6 /* MZWaveView.h */,
				6A0743CA202330CB009629E6 /* MZWaveView.m */,
			);
			path = View;
			sourceTree = "<group>";
		};
		6A26206220F76FF6003F984D /* Test */ = {
			isa = PBXGroup;
			children = (
				6A26206820F77035003F984D /* 测试SDWebImage在UITableView中的重用 */,
			);
			path = Test;
			sourceTree = "<group>";
		};
		6A26206820F77035003F984D /* 测试SDWebImage在UITableView中的重用 */ = {
			isa = PBXGroup;
			children = (
				6A26206320F7702D003F984D /* MZTestSDWebImageCell.h */,
				6A26206420F7702D003F984D /* MZTestSDWebImageCell.m */,
				6A26206520F7702D003F984D /* MZTestSDWebImageCell.xib */,
				6A26206920F77196003F984D /* MZTestSDWebImageVC.h */,
				6A26206A20F77196003F984D /* MZTestSDWebImageVC.m */,
				6A26206B20F77196003F984D /* MZTestSDWebImageVC.xib */,
			);
			path = "测试SDWebImage在UITableView中的重用";
			sourceTree = "<group>";
		};
		6A518DC0200732A900A69E70 /* 自定义NavigationController */ = {
			isa = PBXGroup;
			children = (
				6A518DC12007333D00A69E70 /* MZNavigationController.h */,
				6A518DC22007333D00A69E70 /* MZNavigationController.m */,
			);
			path = "自定义NavigationController";
			sourceTree = "<group>";
		};
		6A518DC42007375E00A69E70 /* Category */ = {
			isa = PBXGroup;
			children = (
				6A518DC5200737D300A69E70 /* UIImage+MZTool.h */,
				6A518DC6200737D300A69E70 /* UIImage+MZTool.m */,
				6A587B8F200B7992004D66F8 /* UILabel+MZTool.h */,
				6A587B90200B7992004D66F8 /* UILabel+MZTool.m */,
				6AC98F5C20E3373400ABD44F /* UIView+MZTool.h */,
				6AC98F5D20E3373400ABD44F /* UIView+MZTool.m */,
				6AC98F5F20E3389E00ABD44F /* NSObject+MZTool.h */,
				6AC98F6020E3389E00ABD44F /* NSObject+MZTool.m */,
				6AC98F6220E3391D00ABD44F /* NSDictionary+MZTool.h */,
				6AC98F6320E3391D00ABD44F /* NSDictionary+MZTool.m */,
			);
			path = Category;
			sourceTree = "<group>";
		};
		6A587B58200748EF004D66F8 /* 关于(null)和<null> */ = {
			isa = PBXGroup;
			children = (
				6A587B592007493D004D66F8 /* AboutNullVC.h */,
				6A587B5A2007493D004D66F8 /* AboutNullVC.m */,
			);
			path = "关于(null)和<null>";
			sourceTree = "<group>";
		};
		6A587B5C20075269004D66F8 /* 数据处理 */ = {
			isa = PBXGroup;
			children = (
				6A587B6020075388004D66F8 /* 处理小数点问题 */,
				6A587B58200748EF004D66F8 /* 关于(null)和<null> */,
				6A587B5D200752D3004D66F8 /* DataHandleVC.h */,
				6A587B5E200752D3004D66F8 /* DataHandleVC.m */,
			);
			path = "数据处理";
			sourceTree = "<group>";
		};
		6A587B6020075388004D66F8 /* 处理小数点问题 */ = {
			isa = PBXGroup;
			children = (
				6A587B61200753E3004D66F8 /* FloatNumberDealWithRoundVC.h */,
				6A587B62200753E3004D66F8 /* FloatNumberDealWithRoundVC.m */,
			);
			path = "处理小数点问题";
			sourceTree = "<group>";
		};
		6A587B6420075B3B004D66F8 /* 绘图 */ = {
			isa = PBXGroup;
			children = (
				6AC98F5120E3262900ABD44F /* 利用shapeLayer绘制动画 */,
				6A0743C420233024009629E6 /* 双波浪UI */,
				6A587B9B200C2D05004D66F8 /* 截取图片 */,
				6A587B92200B7CC5004D66F8 /* 划掉效果的UILabel */,
				6A587B8320089D03004D66F8 /* view的遮罩效果 */,
				6A587B6C20075EA2004D66F8 /* 贝塞尔曲线 */,
				6A587B6820075C7B004D66F8 /* 根据颜色生成图片 */,
				6A587B6520075BC6004D66F8 /* DrawFuncVC.h */,
				6A587B6620075BC6004D66F8 /* DrawFuncVC.m */,
			);
			path = "绘图";
			sourceTree = "<group>";
		};
		6A587B6820075C7B004D66F8 /* 根据颜色生成图片 */ = {
			isa = PBXGroup;
			children = (
				6A587B6920075CB2004D66F8 /* CreateImageWithColorVC.h */,
				6A587B6A20075CB2004D66F8 /* CreateImageWithColorVC.m */,
			);
			path = "根据颜色生成图片";
			sourceTree = "<group>";
		};
		6A587B6C20075EA2004D66F8 /* 贝塞尔曲线 */ = {
			isa = PBXGroup;
			children = (
				6A587B7020076135004D66F8 /* View */,
				6A587B6D20075F8F004D66F8 /* BezierPathVC.h */,
				6A587B6E20075F8F004D66F8 /* BezierPathVC.m */,
			);
			path = "贝塞尔曲线";
			sourceTree = "<group>";
		};
		6A587B7020076135004D66F8 /* View */ = {
			isa = PBXGroup;
			children = (
				6A587B7120076145004D66F8 /* LineView.h */,
				6A587B7220076145004D66F8 /* LineView.m */,
				6A587B74200764CB004D66F8 /* PolygonView.h */,
				6A587B75200764CB004D66F8 /* PolygonView.m */,
				6A587B7720076863004D66F8 /* RectangleView.h */,
				6A587B7820076863004D66F8 /* RectangleView.m */,
				6A587B7A20076971004D66F8 /* CircleView.h */,
				6A587B7B20076971004D66F8 /* CircleView.m */,
				6A587B7D20076AFB004D66F8 /* ArcView.h */,
				6A587B7E20076AFB004D66F8 /* ArcView.m */,
				6A587B8020076D14004D66F8 /* cornerRadiusView.h */,
				6A587B8120076D14004D66F8 /* cornerRadiusView.m */,
			);
			path = View;
			sourceTree = "<group>";
		};
		6A587B8320089D03004D66F8 /* view的遮罩效果 */ = {
			isa = PBXGroup;
			children = (
				6A587B8420089D24004D66F8 /* view的遮罩效果 */,
			);
			path = "view的遮罩效果";
			sourceTree = "<group>";
		};
		6A587B8420089D24004D66F8 /* view的遮罩效果 */ = {
			isa = PBXGroup;
			children = (
				6A587B882008A6AB004D66F8 /* 圆形进度条 */,
				6A587B8520089D7D004D66F8 /* ShapeLayerMaskVC.h */,
				6A587B8620089D7D004D66F8 /* ShapeLayerMaskVC.m */,
			);
			path = "view的遮罩效果";
			sourceTree = "<group>";
		};
		6A587B882008A6AB004D66F8 /* 圆形进度条 */ = {
			isa = PBXGroup;
			children = (
				6A587B892008A74A004D66F8 /* MZCircleProgress.h */,
				6A587B8A2008A74A004D66F8 /* MZCircleProgress.m */,
			);
			path = "圆形进度条";
			sourceTree = "<group>";
		};
		6A587B92200B7CC5004D66F8 /* 划掉效果的UILabel */ = {
			isa = PBXGroup;
			children = (
				6A587B93200B7D76004D66F8 /* LineLabelTestVC.h */,
				6A587B94200B7D76004D66F8 /* LineLabelTestVC.m */,
			);
			path = "划掉效果的UILabel";
			sourceTree = "<group>";
		};
		6A587B9B200C2D05004D66F8 /* 截取图片 */ = {
			isa = PBXGroup;
			children = (
				6A587B9F200C2E34004D66F8 /* 艾斯.jpg */,
				6A587B9C200C2D3F004D66F8 /* ClipsImageVC.h */,
				6A587B9D200C2D3F004D66F8 /* ClipsImageVC.m */,
			);
			path = "截取图片";
			sourceTree = "<group>";
		};
		6A587BA1200C473E004D66F8 /* 可点击字符串 */ = {
			isa = PBXGroup;
			children = (
				6A587BA7200C4BC6004D66F8 /* YBAttributeTextTapAction */,
				6A587BA4200C47A1004D66F8 /* TestAttrinuteStringTapVC.h */,
				6A587BA5200C47A1004D66F8 /* TestAttrinuteStringTapVC.m */,
			);
			path = "可点击字符串";
			sourceTree = "<group>";
		};
		6A587BA7200C4BC6004D66F8 /* YBAttributeTextTapAction */ = {
			isa = PBXGroup;
			children = (
				6A587BA9200C4BD7004D66F8 /* UILabel+YBAttributeTextTapAction.h */,
				6A587BA8200C4BD7004D66F8 /* UILabel+YBAttributeTextTapAction.m */,
			);
			name = YBAttributeTextTapAction;
			path = "New Group";
			sourceTree = "<group>";
		};
		6A587BAB200C4CE5004D66F8 /* 试图的自适应 */ = {
			isa = PBXGroup;
			children = (
				6A587BF2200D8C6B004D66F8 /* UICollectionView实现瀑布流 */,
				6A587BCC200C8D57004D66F8 /* UIWebView高度自适应 */,
				6A587BBA200C80CC004D66F8 /* UITableViewCell自适应 */,
				6A587BB3200C54F6004D66F8 /* UIImageView自适应图片 */,
				6A587BAC200C4D05004D66F8 /* UILabel字符串的自适应 */,
				6A587BB0200C4F20004D66F8 /* ViewFitFuncVC.h */,
				6A587BB1200C4F20004D66F8 /* ViewFitFuncVC.m */,
			);
			path = "试图的自适应";
			sourceTree = "<group>";
		};
		6A587BAC200C4D05004D66F8 /* UILabel字符串的自适应 */ = {
			isa = PBXGroup;
			children = (
				6A587BAD200C4D57004D66F8 /* UILabelTextFitVC.h */,
				6A587BAE200C4D57004D66F8 /* UILabelTextFitVC.m */,
			);
			path = "UILabel字符串的自适应";
			sourceTree = "<group>";
		};
		6A587BB3200C54F6004D66F8 /* UIImageView自适应图片 */ = {
			isa = PBXGroup;
			children = (
				6A587BB7200C55E5004D66F8 /* UIImageViewFitVC.h */,
				6A587BB8200C55E5004D66F8 /* UIImageViewFitVC.m */,
			);
			path = "UIImageView自适应图片";
			sourceTree = "<group>";
		};
		6A587BBA200C80CC004D66F8 /* UITableViewCell自适应 */ = {
			isa = PBXGroup;
			children = (
				6A587BCA200C8C7A004D66F8 /* 索隆.jpg */,
				6A587BC6200C886E004D66F8 /* 路飞.jpg */,
				6A587BBF200C82BA004D66F8 /* Model */,
				6A587BBB200C80E5004D66F8 /* View */,
				6A587BC3200C86AF004D66F8 /* TestCellFitVC.h */,
				6A587BC4200C86AF004D66F8 /* TestCellFitVC.m */,
			);
			path = "UITableViewCell自适应";
			sourceTree = "<group>";
		};
		6A587BBB200C80E5004D66F8 /* View */ = {
			isa = PBXGroup;
			children = (
				6A587BBC200C8116004D66F8 /* TestFitCell.h */,
				6A587BBD200C8116004D66F8 /* TestFitCell.m */,
			);
			path = View;
			sourceTree = "<group>";
		};
		6A587BBF200C82BA004D66F8 /* Model */ = {
			isa = PBXGroup;
			children = (
				6A587BC0200C82CD004D66F8 /* TestFitModel.h */,
				6A587BC1200C82CD004D66F8 /* TestFitModel.m */,
			);
			path = Model;
			sourceTree = "<group>";
		};
		6A587BCC200C8D57004D66F8 /* UIWebView高度自适应 */ = {
			isa = PBXGroup;
			children = (
				6A587BD8200C9D15004D66F8 /* 孙亚龙.jpg */,
				6A587BD6200C989D004D66F8 /* testFit.html */,
				6A587BCD200C8D8B004D66F8 /* WebViewFitVC.h */,
				6A587BCE200C8D8B004D66F8 /* WebViewFitVC.m */,
			);
			path = "UIWebView高度自适应";
			sourceTree = "<group>";
		};
		6A587BF2200D8C6B004D66F8 /* UICollectionView实现瀑布流 */ = {
			isa = PBXGroup;
			children = (
				6A587C04200D9EFD004D66F8 /* waterFlow.plist */,
				6A587BF8200D8CDB004D66F8 /* WaterFlowLayout */,
				6A587BF7200D8CD2004D66F8 /* Model */,
				6A587BF6200D8CBF004D66F8 /* View */,
				6A587BF3200D8CB9004D66F8 /* WaterFlowTestVC.h */,
				6A587BF4200D8CB9004D66F8 /* WaterFlowTestVC.m */,
			);
			path = "UICollectionView实现瀑布流";
			sourceTree = "<group>";
		};
		6A587BF6200D8CBF004D66F8 /* View */ = {
			isa = PBXGroup;
			children = (
				6A587BFF200D9846004D66F8 /* WaterFlowTestCell.h */,
				6A587C00200D9846004D66F8 /* WaterFlowTestCell.m */,
				6A587C01200D9846004D66F8 /* WaterFlowTestCell.xib */,
			);
			path = View;
			sourceTree = "<group>";
		};
		6A587BF7200D8CD2004D66F8 /* Model */ = {
			isa = PBXGroup;
			children = (
				6A587BFC200D911D004D66F8 /* WaterFlowModel.h */,
				6A587BFD200D911D004D66F8 /* WaterFlowModel.m */,
			);
			path = Model;
			sourceTree = "<group>";
		};
		6A587BF8200D8CDB004D66F8 /* WaterFlowLayout */ = {
			isa = PBXGroup;
			children = (
				6A587BF9200D8D50004D66F8 /* MZWaterFlowLayout.h */,
				6A587BFA200D8D50004D66F8 /* MZWaterFlowLayout.m */,
			);
			path = WaterFlowLayout;
			sourceTree = "<group>";
		};
		6A8540D31FFB0EC000913301 = {
			isa = PBXGroup;
			children = (
				6A8540DE1FFB0EC000913301 /* StudyDemo */,
				6A8540DD1FFB0EC000913301 /* Products */,
				8D2FD2FAC9C0F6111B5FC588 /* Pods */,
				0F0F9493EE6CAF6EB2D0BF98 /* Frameworks */,
			);
			sourceTree = "<group>";
		};
		6A8540DD1FFB0EC000913301 /* Products */ = {
			isa = PBXGroup;
			children = (
				6A8540DC1FFB0EC000913301 /* StudyDemo.app */,
			);
			name = Products;
			sourceTree = "<group>";
		};
		6A8540DE1FFB0EC000913301 /* StudyDemo */ = {
			isa = PBXGroup;
			children = (
				6AC98F6E20E35F7200ABD44F /* Extends */,
				6A518DC42007375E00A69E70 /* Category */,
				6A8540FB1FFB1EC500913301 /* UI */,
				6A8540FA1FFB1EBE00913301 /* Util */,
				6A26206220F76FF6003F984D /* Test */,
				6A8540DF1FFB0EC000913301 /* AppDelegate.h */,
				6A8540E01FFB0EC000913301 /* AppDelegate.m */,
				6A8540E21FFB0EC000913301 /* ViewController.h */,
				6A8540E31FFB0EC000913301 /* ViewController.m */,
				6A8541171FFB41DB00913301 /* ThirdParty */,
				6A8540F81FFB19CD00913301 /* common */,
				6A8540F51FFB133F00913301 /* file */,
				6A8540E81FFB0EC000913301 /* Assets.xcassets */,
				6A8540ED1FFB0EC000913301 /* Info.plist */,
				6A8540EE1FFB0EC000913301 /* main.m */,
			);
			path = StudyDemo;
			sourceTree = "<group>";
		};
		6A8540F51FFB133F00913301 /* file */ = {
			isa = PBXGroup;
			children = (
				6A8541001FFB239F00913301 /* scan.wav */,
				6A8540F61FFB13BD00913301 /* functionList.plist */,
			);
			path = file;
			sourceTree = "<group>";
		};
		6A8540F81FFB19CD00913301 /* common */ = {
			isa = PBXGroup;
			children = (
				6A8540F91FFB1A2E00913301 /* PrefixHeader.pch */,
			);
			path = common;
			sourceTree = "<group>";
		};
		6A8540FA1FFB1EBE00913301 /* Util */ = {
			isa = PBXGroup;
			children = (
				6AC98F6520E339E500ABD44F /* 11位手机号码344显示 */,
				6AC98F4A20E20D5100ABD44F /* 系统功能 */,
				6AF8D7E8200F3DB800B4EBAA /* 关于runtime */,
				6A587B5C20075269004D66F8 /* 数据处理 */,
				6AF7BA012003569100AC2015 /* BaseVC */,
				6AF6B19B1FFF803400CBB30F /* JS与0C交互 */,
				6A85411E1FFB52AF00913301 /* 获取系统联系人 */,
				6A8540FC1FFB1F2C00913301 /* 二维码生成与获取 */,
			);
			path = Util;
			sourceTree = "<group>";
		};
		6A8540FB1FFB1EC500913301 /* UI */ = {
			isa = PBXGroup;
			children = (
				6AC98F7D20E4653600ABD44F /* 自定义转场动画 */,
				6AC98F7920E36AFB00ABD44F /* 横竖屏处理 */,
				6AC98F7320E363E600ABD44F /* 处理UITableView键盘收起 */,
				6AC98F5520E32FAD00ABD44F /* 自定义异型UITabBarController */,
				6A587BAB200C4CE5004D66F8 /* 试图的自适应 */,
				6A587BA1200C473E004D66F8 /* 可点击字符串 */,
				6A587B6420075B3B004D66F8 /* 绘图 */,
				6A518DC0200732A900A69E70 /* 自定义NavigationController */,
				6A85413A1FFB8DDB00913301 /* xib适配问题 */,
			);
			path = UI;
			sourceTree = "<group>";
		};
		6A8540FC1FFB1F2C00913301 /* 二维码生成与获取 */ = {
			isa = PBXGroup;
			children = (
				6AF7B9DA200061FA00AC2015 /* 识别图片或相册二维码 */,
				6AF7B9D9200061E900AC2015 /* 扫描二维码 */,
				6AF7B9D8200061D500AC2015 /* 生成二维码 */,
				6A8541091FFB2D2500913301 /* BarCodeFuncVC.h */,
				6A85410A1FFB2D2500913301 /* BarCodeFuncVC.m */,
			);
			path = "二维码生成与获取";
			sourceTree = "<group>";
		};
		6A8541081FFB298D00913301 /* Button */ = {
			isa = PBXGroup;
			children = (
				6A8541051FFB298500913301 /* MZButton.h */,
				6A8541061FFB298500913301 /* MZButton.m */,
			);
			path = Button;
			sourceTree = "<group>";
		};
		6A8541171FFB41DB00913301 /* ThirdParty */ = {
			isa = PBXGroup;
			children = (
				6A85411F1FFB53F600913301 /* MBProgressHUD+SN.h */,
				6A8541201FFB53F600913301 /* MBProgressHUD+SN.m */,
			);
			path = ThirdParty;
			sourceTree = "<group>";
		};
		6A85411E1FFB52AF00913301 /* 获取系统联系人 */ = {
			isa = PBXGroup;
			children = (
				6A8541251FFB565C00913301 /* Model */,
				6A8541291FFB58CE00913301 /* GetContactMethodListVC.h */,
				6A85412A1FFB58CE00913301 /* GetContactMethodListVC.m */,
				6A8541221FFB547A00913301 /* AddressBookController.h */,
				6A8541231FFB547A00913301 /* AddressBookController.m */,
				6A85412C1FFB670700913301 /* ContactsUIVC.h */,
				6A85412D1FFB670700913301 /* ContactsUIVC.m */,
			);
			path = "获取系统联系人";
			sourceTree = "<group>";
		};
		6A8541251FFB565C00913301 /* Model */ = {
			isa = PBXGroup;
			children = (
				6A8541261FFB567100913301 /* MZContactModel.h */,
				6A8541271FFB567100913301 /* MZContactModel.m */,
			);
			path = Model;
			sourceTree = "<group>";
		};
		6A85413A1FFB8DDB00913301 /* xib适配问题 */ = {
			isa = PBXGroup;
			children = (
				6A8541401FFB909400913301 /* View */,
				6AF6B18E1FFF753D00CBB30F /* XibViewTestVC.h */,
				6AF6B18F1FFF753D00CBB30F /* XibViewTestVC.m */,
			);
			path = "xib适配问题";
			sourceTree = "<group>";
		};
		6A8541401FFB909400913301 /* View */ = {
			isa = PBXGroup;
			children = (
				6AF6B1961FFF7C4E00CBB30F /* XibTestCell.h */,
				6AF6B1971FFF7C4E00CBB30F /* XibTestCell.m */,
				6AF6B1981FFF7C4E00CBB30F /* XibTestCell.xib */,
				6A85413B1FFB8E5200913301 /* XibView.h */,
				6A85413C1FFB8E5200913301 /* XibView.m */,
				6A85413E1FFB8E5F00913301 /* XibView.xib */,
				6AF6B1911FFF76A500CBB30F /* ErrorXibView.h */,
				6AF6B1921FFF76A500CBB30F /* ErrorXibView.m */,
				6AF6B1941FFF76B100CBB30F /* ErrorXibView.xib */,
			);
			path = View;
			sourceTree = "<group>";
		};
		6AC98F4A20E20D5100ABD44F /* 系统功能 */ = {
			isa = PBXGroup;
			children = (
				6AC98F4B20E20DA700ABD44F /* SystemFuncVC.h */,
				6AC98F4C20E20DA700ABD44F /* SystemFuncVC.m */,
			);
			path = "系统功能";
			sourceTree = "<group>";
		};
		6AC98F5120E3262900ABD44F /* 利用shapeLayer绘制动画 */ = {
			isa = PBXGroup;
			children = (
				6AC98F5220E3266700ABD44F /* ShapeLayerAnimationVC.h */,
				6AC98F5320E3266700ABD44F /* ShapeLayerAnimationVC.m */,
			);
			path = "利用shapeLayer绘制动画";
			sourceTree = "<group>";
		};
		6AC98F5520E32FAD00ABD44F /* 自定义异型UITabBarController */ = {
			isa = PBXGroup;
			children = (
				6AC98F5620E32FFF00ABD44F /* MZTabBar.h */,
				6AC98F5720E32FFF00ABD44F /* MZTabBar.m */,
				6AC98F5920E3301500ABD44F /* MZTabBarController.h */,
				6AC98F5A20E3301500ABD44F /* MZTabBarController.m */,
			);
			path = "自定义异型UITabBarController";
			sourceTree = "<group>";
		};
		6AC98F6520E339E500ABD44F /* 11位手机号码344显示 */ = {
			isa = PBXGroup;
			children = (
				6AC98F6620E33A5900ABD44F /* PhoneNumberInputVC.h */,
				6AC98F6720E33A5900ABD44F /* PhoneNumberInputVC.m */,
				6AC98F6820E33A5900ABD44F /* PhoneNumberInputVC.xib */,
			);
			path = "11位手机号码344显示";
			sourceTree = "<group>";
		};
		6AC98F6E20E35F7200ABD44F /* Extends */ = {
			isa = PBXGroup;
			children = (
				6AC98F7220E35FDC00ABD44F /* TextField */,
				6A8541081FFB298D00913301 /* Button */,
			);
			path = Extends;
			sourceTree = "<group>";
		};
		6AC98F7220E35FDC00ABD44F /* TextField */ = {
			isa = PBXGroup;
			children = (
				6AC98F6F20E35FD200ABD44F /* MZTextField.h */,
				6AC98F7020E35FD200ABD44F /* MZTextField.m */,
			);
			path = TextField;
			sourceTree = "<group>";
		};
		6AC98F7320E363E600ABD44F /* 处理UITableView键盘收起 */ = {
			isa = PBXGroup;
			children = (
				6AC98F7420E3645600ABD44F /* TableViewKeyboardHiddenVC.h */,
				6AC98F7520E3645600ABD44F /* TableViewKeyboardHiddenVC.m */,
				6AC98F7620E3645600ABD44F /* TableViewKeyboardHiddenVC.xib */,
			);
			path = "处理UITableView键盘收起";
			sourceTree = "<group>";
		};
		6AC98F7920E36AFB00ABD44F /* 横竖屏处理 */ = {
			isa = PBXGroup;
			children = (
				6AC98F7A20E36B1E00ABD44F /* OrientationVC.h */,
				6AC98F7B20E36B1E00ABD44F /* OrientationVC.m */,
			);
			path = "横竖屏处理";
			sourceTree = "<group>";
		};
		6AC98F7D20E4653600ABD44F /* 自定义转场动画 */ = {
			isa = PBXGroup;
			children = (
				6AC98F8220E465C200ABD44F /* CustomTransitionVC.h */,
				6AC98F8320E465C200ABD44F /* CustomTransitionVC.m */,
				6AC98F8420E465C200ABD44F /* CustomTransitionVC.xib */,
				6AC98F8720E46B2A00ABD44F /* UIViewController+MZTool.h */,
				6AC98F8820E46B2A00ABD44F /* UIViewController+MZTool.m */,
			);
			path = "自定义转场动画";
			sourceTree = "<group>";
		};
		6AF6B19B1FFF803400CBB30F /* JS与0C交互 */ = {
			isa = PBXGroup;
			children = (
				6AF7B9EF2003473000AC2015 /* JavaScriptCore */,
				6AF7B9E020031E0700AC2015 /* Href */,
				6AF7B9D52000615A00AC2015 /* MessageHandler */,
				6AF7B9DB200062B700AC2015 /* JavaScriptAndOCFunVC.h */,
				6AF7B9DC200062B700AC2015 /* JavaScriptAndOCFunVC.m */,
			);
			path = "JS与0C交互";
			sourceTree = "<group>";
		};
		6AF7B9D52000615A00AC2015 /* MessageHandler */ = {
			isa = PBXGroup;
			children = (
				6AF7B9DE2000643100AC2015 /* index1.html */,
				6AF6B19C1FFF817400CBB30F /* WKWebView_MessageHandler.h */,
				6AF6B19D1FFF817400CBB30F /* WKWebView_MessageHandler.m */,
			);
			path = MessageHandler;
			sourceTree = "<group>";
		};
		6AF7B9D8200061D500AC2015 /* 生成二维码 */ = {
			isa = PBXGroup;
			children = (
				6A85410C1FFB2FB600913301 /* CreateBarCodeVC.h */,
				6A85410D1FFB2FB600913301 /* CreateBarCodeVC.m */,
			);
			path = "生成二维码";
			sourceTree = "<group>";
		};
		6AF7B9D9200061E900AC2015 /* 扫描二维码 */ = {
			isa = PBXGroup;
			children = (
				6A8540FD1FFB1F5100913301 /* ScanBarCodeVC.h */,
				6A8540FE1FFB1F5100913301 /* ScanBarCodeVC.m */,
			);
			path = "扫描二维码";
			sourceTree = "<group>";
		};
		6AF7B9DA200061FA00AC2015 /* 识别图片或相册二维码 */ = {
			isa = PBXGroup;
			children = (
				6A8541121FFB359E00913301 /* barcode.png */,
				6A85410F1FFB34B600913301 /* VerifyImageBarCodeVC.h */,
				6A8541101FFB34B600913301 /* VerifyImageBarCodeVC.m */,
			);
			path = "识别图片或相册二维码";
			sourceTree = "<group>";
		};
		6AF7B9E020031E0700AC2015 /* Href */ = {
			isa = PBXGroup;
			children = (
				6AF7B9EA20032E5E00AC2015 /* index2.html */,
				6AF7B9E52003219E00AC2015 /* UIWebView_URL.h */,
				6AF7B9E62003219E00AC2015 /* UIWebView_URL.m */,
				6AF7B9EC20033AE400AC2015 /* WKWebView_URL.h */,
				6AF7B9ED20033AE400AC2015 /* WKWebView_URL.m */,
			);
			path = Href;
			sourceTree = "<group>";
		};
		6AF7B9EF2003473000AC2015 /* JavaScriptCore */ = {
			isa = PBXGroup;
			children = (
				6AF7B9F6200348DD00AC2015 /* index3.html */,
				6AF7B9F3200347A000AC2015 /* UIWebView_JSContext.h */,
				6AF7B9F4200347A100AC2015 /* UIWebView_JSContext.m */,
				6AF7B9FB200350DD00AC2015 /* index4.html */,
				6AF7B9F820034DD600AC2015 /* UIWebView_JSExport.h */,
				6AF7B9F920034DD600AC2015 /* UIWebView_JSExport.m */,
			);
			path = JavaScriptCore;
			sourceTree = "<group>";
		};
		6AF7BA012003569100AC2015 /* BaseVC */ = {
			isa = PBXGroup;
			children = (
				6AF7BA02200356B700AC2015 /* MZWebViewVC.h */,
				6AF7BA03200356B700AC2015 /* MZWebViewVC.m */,
			);
			path = BaseVC;
			sourceTree = "<group>";
		};
		6AF8D7E8200F3DB800B4EBAA /* 关于runtime */ = {
			isa = PBXGroup;
			children = (
				6AF8D7EC200F3E1900B4EBAA /* Model */,
				6AF8D7F0200F45EA00B4EBAA /* TestRuntimeVC.h */,
				6AF8D7F1200F45EA00B4EBAA /* TestRuntimeVC.m */,
			);
			path = "关于runtime";
			sourceTree = "<group>";
		};
		6AF8D7EC200F3E1900B4EBAA /* Model */ = {
			isa = PBXGroup;
			children = (
				6AF8D7E9200F3E0E00B4EBAA /* TestRuntimeModel.h */,
				6AF8D7EA200F3E0E00B4EBAA /* TestRuntimeModel.m */,
			);
			path = Model;
			sourceTree = "<group>";
		};
		8D2FD2FAC9C0F6111B5FC588 /* Pods */ = {
			isa = PBXGroup;
			children = (
				CCB9E81D947F7ACA5A4BA113 /* Pods-StudyDemo.debug.xcconfig */,
				A31D7C2BD6403CB3E33BA522 /* Pods-StudyDemo.release.xcconfig */,
			);
			name = Pods;
			sourceTree = "<group>";
		};
/* End PBXGroup section */

/* Begin PBXNativeTarget section */
		6A8540DB1FFB0EC000913301 /* StudyDemo */ = {
			isa = PBXNativeTarget;
			buildConfigurationList = 6A8540F21FFB0EC000913301 /* Build configuration list for PBXNativeTarget "StudyDemo" */;
			buildPhases = (
				DE77A163441BBF4DF42F7364 /* [CP] Check Pods Manifest.lock */,
				6A8540D81FFB0EC000913301 /* Sources */,
				6A8540D91FFB0EC000913301 /* Frameworks */,
				6A8540DA1FFB0EC000913301 /* Resources */,
				D6C51F25FE0529F4C3226FDB /* [CP] Embed Pods Frameworks */,
				A8EFB2AA556AF4B069D58546 /* [CP] Copy Pods Resources */,
			);
			buildRules = (
			);
			dependencies = (
			);
			name = StudyDemo;
			productName = StudyDemo;
			productReference = 6A8540DC1FFB0EC000913301 /* StudyDemo.app */;
			productType = "com.apple.product-type.application";
		};
/* End PBXNativeTarget section */

/* Begin PBXProject section */
		6A8540D41FFB0EC000913301 /* Project object */ = {
			isa = PBXProject;
			attributes = {
				LastUpgradeCheck = 0920;
				ORGANIZATIONNAME = "曾龙";
				TargetAttributes = {
					6A8540DB1FFB0EC000913301 = {
						CreatedOnToolsVersion = 9.2;
						ProvisioningStyle = Automatic;
					};
				};
			};
			buildConfigurationList = 6A8540D71FFB0EC000913301 /* Build configuration list for PBXProject "StudyDemo" */;
			compatibilityVersion = "Xcode 8.0";
			developmentRegion = en;
			hasScannedForEncodings = 0;
			knownRegions = (
				Base,
			);
			mainGroup = 6A8540D31FFB0EC000913301;
			productRefGroup = 6A8540DD1FFB0EC000913301 /* Products */;
			projectDirPath = "";
			projectRoot = "";
			targets = (
				6A8540DB1FFB0EC000913301 /* StudyDemo */,
			);
		};
/* End PBXProject section */

/* Begin PBXResourcesBuildPhase section */
		6A8540DA1FFB0EC000913301 /* Resources */ = {
			isa = PBXResourcesBuildPhase;
			buildActionMask = 2147483647;
			files = (
				6A587BA0200C2E34004D66F8 /* 艾斯.jpg in Resources */,
				6A8541131FFB359F00913301 /* barcode.png in Resources */,
				6A587C05200D9EFD004D66F8 /* waterFlow.plist in Resources */,
				6A587BD7200C989D004D66F8 /* testFit.html in Resources */,
				6AC98F6A20E33A5900ABD44F /* PhoneNumberInputVC.xib in Resources */,
				6AF7B9DF2000643200AC2015 /* index1.html in Resources */,
				6AF6B1951FFF76B100CBB30F /* ErrorXibView.xib in Resources */,
				6A587C03200D9846004D66F8 /* WaterFlowTestCell.xib in Resources */,
				6A26206D20F77196003F984D /* MZTestSDWebImageVC.xib in Resources */,
				6A587BC7200C886E004D66F8 /* 路飞.jpg in Resources */,
				6AC98F8620E465C200ABD44F /* CustomTransitionVC.xib in Resources */,
				6A8541011FFB239F00913301 /* scan.wav in Resources */,
				6A587BD9200C9D15004D66F8 /* 孙亚龙.jpg in Resources */,
				6AF7B9F7200348DD00AC2015 /* index3.html in Resources */,
				6AF6B19A1FFF7C4E00CBB30F /* XibTestCell.xib in Resources */,
				6AF7B9EB20032E5E00AC2015 /* index2.html in Resources */,
				6A587BCB200C8C7A004D66F8 /* 索隆.jpg in Resources */,
				6A85413F1FFB8E5F00913301 /* XibView.xib in Resources */,
				6A8540E91FFB0EC000913301 /* Assets.xcassets in Resources */,
				6A26206720F7702D003F984D /* MZTestSDWebImageCell.xib in Resources */,
				6A8540F71FFB13BD00913301 /* functionList.plist in Resources */,
				6AF7B9FC200350DD00AC2015 /* index4.html in Resources */,
				6AC98F7820E3645600ABD44F /* TableViewKeyboardHiddenVC.xib in Resources */,
			);
			runOnlyForDeploymentPostprocessing = 0;
		};
/* End PBXResourcesBuildPhase section */

/* Begin PBXShellScriptBuildPhase section */
		A8EFB2AA556AF4B069D58546 /* [CP] Copy Pods Resources */ = {
			isa = PBXShellScriptBuildPhase;
			buildActionMask = 2147483647;
			files = (
			);
			inputPaths = (
				"${SRCROOT}/Pods/Target Support Files/Pods-StudyDemo/Pods-StudyDemo-resources.sh",
				"${PODS_ROOT}/MJRefresh/MJRefresh/MJRefresh.bundle",
			);
			name = "[CP] Copy Pods Resources";
			outputPaths = (
				"${TARGET_BUILD_DIR}/${UNLOCALIZED_RESOURCES_FOLDER_PATH}",
			);
			runOnlyForDeploymentPostprocessing = 0;
			shellPath = /bin/sh;
			shellScript = "\"${SRCROOT}/Pods/Target Support Files/Pods-StudyDemo/Pods-StudyDemo-resources.sh\"\n";
			showEnvVarsInLog = 0;
		};
		D6C51F25FE0529F4C3226FDB /* [CP] Embed Pods Frameworks */ = {
			isa = PBXShellScriptBuildPhase;
			buildActionMask = 2147483647;
			files = (
			);
			inputPaths = (
			);
			name = "[CP] Embed Pods Frameworks";
			outputPaths = (
			);
			runOnlyForDeploymentPostprocessing = 0;
			shellPath = /bin/sh;
			shellScript = "\"${SRCROOT}/Pods/Target Support Files/Pods-StudyDemo/Pods-StudyDemo-frameworks.sh\"\n";
			showEnvVarsInLog = 0;
		};
		DE77A163441BBF4DF42F7364 /* [CP] Check Pods Manifest.lock */ = {
			isa = PBXShellScriptBuildPhase;
			buildActionMask = 2147483647;
			files = (
			);
			inputPaths = (
				"${PODS_PODFILE_DIR_PATH}/Podfile.lock",
				"${PODS_ROOT}/Manifest.lock",
			);
			name = "[CP] Check Pods Manifest.lock";
			outputPaths = (
				"$(DERIVED_FILE_DIR)/Pods-StudyDemo-checkManifestLockResult.txt",
			);
			runOnlyForDeploymentPostprocessing = 0;
			shellPath = /bin/sh;
			shellScript = "diff \"${PODS_PODFILE_DIR_PATH}/Podfile.lock\" \"${PODS_ROOT}/Manifest.lock\" > /dev/null\nif [ $? != 0 ] ; then\n    # print error to STDERR\n    echo \"error: The sandbox is not in sync with the Podfile.lock. Run 'pod install' or update your CocoaPods installation.\" >&2\n    exit 1\nfi\n# This output is used by Xcode 'outputs' to avoid re-running this script phase.\necho \"SUCCESS\" > \"${SCRIPT_OUTPUT_FILE_0}\"\n";
			showEnvVarsInLog = 0;
		};
/* End PBXShellScriptBuildPhase section */

/* Begin PBXSourcesBuildPhase section */
		6A8540D81FFB0EC000913301 /* Sources */ = {
			isa = PBXSourcesBuildPhase;
			buildActionMask = 2147483647;
			files = (
				6A587B8720089D7D004D66F8 /* ShapeLayerMaskVC.m in Sources */,
				6A85410E1FFB2FB600913301 /* CreateBarCodeVC.m in Sources */,
				6A26206620F7702D003F984D /* MZTestSDWebImageCell.m in Sources */,
				6A587BA6200C47A1004D66F8 /* TestAttrinuteStringTapVC.m in Sources */,
				6AF6B1931FFF76A500CBB30F /* ErrorXibView.m in Sources */,
				6A587B6B20075CB2004D66F8 /* CreateImageWithColorVC.m in Sources */,
				6A0743C720233079009629E6 /* WaveViewTestVC.m in Sources */,
				6A587BB9200C55E5004D66F8 /* UIImageViewFitVC.m in Sources */,
				6A518DC7200737D300A69E70 /* UIImage+MZTool.m in Sources */,
				6AC98F5820E32FFF00ABD44F /* MZTabBar.m in Sources */,
				6AF6B1901FFF753D00CBB30F /* XibViewTestVC.m in Sources */,
				6AC98F4D20E20DA700ABD44F /* SystemFuncVC.m in Sources */,
				6A587BB2200C4F20004D66F8 /* ViewFitFuncVC.m in Sources */,
				6AC98F8920E46B2A00ABD44F /* UIViewController+MZTool.m in Sources */,
				6AF7BA04200356B700AC2015 /* MZWebViewVC.m in Sources */,
				6AF7B9DD200062B700AC2015 /* JavaScriptAndOCFunVC.m in Sources */,
				6AC98F6420E3391D00ABD44F /* NSDictionary+MZTool.m in Sources */,
				6AF7B9E72003219E00AC2015 /* UIWebView_URL.m in Sources */,
				6A587BBE200C8116004D66F8 /* TestFitCell.m in Sources */,
				6AC98F7720E3645600ABD44F /* TableViewKeyboardHiddenVC.m in Sources */,
				6AF6B1991FFF7C4E00CBB30F /* XibTestCell.m in Sources */,
				6AF7B9F5200347A100AC2015 /* UIWebView_JSContext.m in Sources */,
				6A518DC32007333D00A69E70 /* MZNavigationController.m in Sources */,
				6A8540FF1FFB1F5100913301 /* ScanBarCodeVC.m in Sources */,
				6A587C02200D9846004D66F8 /* WaterFlowTestCell.m in Sources */,
				6AC98F7120E35FD200ABD44F /* MZTextField.m in Sources */,
				6A587B63200753E3004D66F8 /* FloatNumberDealWithRoundVC.m in Sources */,
				6AC98F6920E33A5900ABD44F /* PhoneNumberInputVC.m in Sources */,
				6A26206C20F77196003F984D /* MZTestSDWebImageVC.m in Sources */,
				6A587BC5200C86AF004D66F8 /* TestCellFitVC.m in Sources */,
				6A587B76200764CB004D66F8 /* PolygonView.m in Sources */,
				6A587B6720075BC6004D66F8 /* DrawFuncVC.m in Sources */,
				6A8541111FFB34B600913301 /* VerifyImageBarCodeVC.m in Sources */,
				6AC98F8520E465C200ABD44F /* CustomTransitionVC.m in Sources */,
				6A0743CB202330CB009629E6 /* MZWaveView.m in Sources */,
				6A587BAA200C4BD7004D66F8 /* UILabel+YBAttributeTextTapAction.m in Sources */,
				6A85413D1FFB8E5200913301 /* XibView.m in Sources */,
				6A587BFE200D911D004D66F8 /* WaterFlowModel.m in Sources */,
				6A587BFB200D8D50004D66F8 /* MZWaterFlowLayout.m in Sources */,
				6A587B6F20075F8F004D66F8 /* BezierPathVC.m in Sources */,
				6A587B9E200C2D3F004D66F8 /* ClipsImageVC.m in Sources */,
				6A587BCF200C8D8B004D66F8 /* WebViewFitVC.m in Sources */,
				6A587BC2200C82CD004D66F8 /* TestFitModel.m in Sources */,
				6A85412E1FFB670700913301 /* ContactsUIVC.m in Sources */,
				6AF7B9FA20034DD600AC2015 /* UIWebView_JSExport.m in Sources */,
				6A587B7C20076971004D66F8 /* CircleView.m in Sources */,
				6AC98F5B20E3301500ABD44F /* MZTabBarController.m in Sources */,
				6AC98F5420E3266700ABD44F /* ShapeLayerAnimationVC.m in Sources */,
				6A85410B1FFB2D2500913301 /* BarCodeFuncVC.m in Sources */,
				6A587B7F20076AFB004D66F8 /* ArcView.m in Sources */,
				6A587B8220076D14004D66F8 /* cornerRadiusView.m in Sources */,
				6A8540E41FFB0EC000913301 /* ViewController.m in Sources */,
				6A85412B1FFB58CE00913301 /* GetContactMethodListVC.m in Sources */,
				6AF8D7F2200F45EA00B4EBAA /* TestRuntimeVC.m in Sources */,
				6A587B5B2007493D004D66F8 /* AboutNullVC.m in Sources */,
				6A8541281FFB567100913301 /* MZContactModel.m in Sources */,
				6A587B5F200752D3004D66F8 /* DataHandleVC.m in Sources */,
				6AF6B19E1FFF817400CBB30F /* WKWebView_MessageHandler.m in Sources */,
				6A587B91200B7992004D66F8 /* UILabel+MZTool.m in Sources */,
				6A8541071FFB298500913301 /* MZButton.m in Sources */,
				6AC98F5E20E3373400ABD44F /* UIView+MZTool.m in Sources */,
				6AC98F7C20E36B1E00ABD44F /* OrientationVC.m in Sources */,
				6AF7B9EE20033AE400AC2015 /* WKWebView_URL.m in Sources */,
				6A8540EF1FFB0EC000913301 /* main.m in Sources */,
				6A8541241FFB547A00913301 /* AddressBookController.m in Sources */,
				6A587B8B2008A74A004D66F8 /* MZCircleProgress.m in Sources */,
				6A587B95200B7D76004D66F8 /* LineLabelTestVC.m in Sources */,
				6A587BF5200D8CB9004D66F8 /* WaterFlowTestVC.m in Sources */,
				6A8540E11FFB0EC000913301 /* AppDelegate.m in Sources */,
				6AF8D7EB200F3E0E00B4EBAA /* TestRuntimeModel.m in Sources */,
				6A587BAF200C4D57004D66F8 /* UILabelTextFitVC.m in Sources */,
				6A587B7920076863004D66F8 /* RectangleView.m in Sources */,
				6A8541211FFB53F600913301 /* MBProgressHUD+SN.m in Sources */,
				6AC98F6120E3389E00ABD44F /* NSObject+MZTool.m in Sources */,
				6A587B7320076145004D66F8 /* LineView.m in Sources */,
			);
			runOnlyForDeploymentPostprocessing = 0;
		};
/* End PBXSourcesBuildPhase section */

/* Begin XCBuildConfiguration section */
		6A8540F01FFB0EC000913301 /* Debug */ = {
			isa = XCBuildConfiguration;
			buildSettings = {
				ALWAYS_SEARCH_USER_PATHS = NO;
				CLANG_ANALYZER_LOCALIZABILITY_NONLOCALIZED = YES;
				CLANG_ANALYZER_NONNULL = YES;
				CLANG_ANALYZER_NUMBER_OBJECT_CONVERSION = YES_AGGRESSIVE;
				CLANG_CXX_LANGUAGE_STANDARD = "gnu++14";
				CLANG_CXX_LIBRARY = "libc++";
				CLANG_ENABLE_MODULES = YES;
				CLANG_ENABLE_OBJC_ARC = YES;
				CLANG_WARN_BLOCK_CAPTURE_AUTORELEASING = YES;
				CLANG_WARN_BOOL_CONVERSION = YES;
				CLANG_WARN_COMMA = YES;
				CLANG_WARN_CONSTANT_CONVERSION = YES;
				CLANG_WARN_DIRECT_OBJC_ISA_USAGE = YES_ERROR;
				CLANG_WARN_DOCUMENTATION_COMMENTS = YES;
				CLANG_WARN_EMPTY_BODY = YES;
				CLANG_WARN_ENUM_CONVERSION = YES;
				CLANG_WARN_INFINITE_RECURSION = YES;
				CLANG_WARN_INT_CONVERSION = YES;
				CLANG_WARN_NON_LITERAL_NULL_CONVERSION = YES;
				CLANG_WARN_OBJC_LITERAL_CONVERSION = YES;
				CLANG_WARN_OBJC_ROOT_CLASS = YES_ERROR;
				CLANG_WARN_RANGE_LOOP_ANALYSIS = YES;
				CLANG_WARN_STRICT_PROTOTYPES = YES;
				CLANG_WARN_SUSPICIOUS_MOVE = YES;
				CLANG_WARN_UNGUARDED_AVAILABILITY = YES_AGGRESSIVE;
				CLANG_WARN_UNREACHABLE_CODE = YES;
				CLANG_WARN__DUPLICATE_METHOD_MATCH = YES;
				CODE_SIGN_IDENTITY = "iPhone Developer";
				COPY_PHASE_STRIP = NO;
				DEBUG_INFORMATION_FORMAT = dwarf;
				ENABLE_STRICT_OBJC_MSGSEND = YES;
				ENABLE_TESTABILITY = YES;
				GCC_C_LANGUAGE_STANDARD = gnu11;
				GCC_DYNAMIC_NO_PIC = NO;
				GCC_NO_COMMON_BLOCKS = YES;
				GCC_OPTIMIZATION_LEVEL = 0;
				GCC_PREPROCESSOR_DEFINITIONS = (
					"DEBUG=1",
					"$(inherited)",
				);
				GCC_WARN_64_TO_32_BIT_CONVERSION = YES;
				GCC_WARN_ABOUT_RETURN_TYPE = YES_ERROR;
				GCC_WARN_UNDECLARED_SELECTOR = YES;
				GCC_WARN_UNINITIALIZED_AUTOS = YES_AGGRESSIVE;
				GCC_WARN_UNUSED_FUNCTION = YES;
				GCC_WARN_UNUSED_VARIABLE = YES;
				IPHONEOS_DEPLOYMENT_TARGET = 8.0;
				MTL_ENABLE_DEBUG_INFO = YES;
				ONLY_ACTIVE_ARCH = YES;
				SDKROOT = iphoneos;
			};
			name = Debug;
		};
		6A8540F11FFB0EC000913301 /* Release */ = {
			isa = XCBuildConfiguration;
			buildSettings = {
				ALWAYS_SEARCH_USER_PATHS = NO;
				CLANG_ANALYZER_LOCALIZABILITY_NONLOCALIZED = YES;
				CLANG_ANALYZER_NONNULL = YES;
				CLANG_ANALYZER_NUMBER_OBJECT_CONVERSION = YES_AGGRESSIVE;
				CLANG_CXX_LANGUAGE_STANDARD = "gnu++14";
				CLANG_CXX_LIBRARY = "libc++";
				CLANG_ENABLE_MODULES = YES;
				CLANG_ENABLE_OBJC_ARC = YES;
				CLANG_WARN_BLOCK_CAPTURE_AUTORELEASING = YES;
				CLANG_WARN_BOOL_CONVERSION = YES;
				CLANG_WARN_COMMA = YES;
				CLANG_WARN_CONSTANT_CONVERSION = YES;
				CLANG_WARN_DIRECT_OBJC_ISA_USAGE = YES_ERROR;
				CLANG_WARN_DOCUMENTATION_COMMENTS = YES;
				CLANG_WARN_EMPTY_BODY = YES;
				CLANG_WARN_ENUM_CONVERSION = YES;
				CLANG_WARN_INFINITE_RECURSION = YES;
				CLANG_WARN_INT_CONVERSION = YES;
				CLANG_WARN_NON_LITERAL_NULL_CONVERSION = YES;
				CLANG_WARN_OBJC_LITERAL_CONVERSION = YES;
				CLANG_WARN_OBJC_ROOT_CLASS = YES_ERROR;
				CLANG_WARN_RANGE_LOOP_ANALYSIS = YES;
				CLANG_WARN_STRICT_PROTOTYPES = YES;
				CLANG_WARN_SUSPICIOUS_MOVE = YES;
				CLANG_WARN_UNGUARDED_AVAILABILITY = YES_AGGRESSIVE;
				CLANG_WARN_UNREACHABLE_CODE = YES;
				CLANG_WARN__DUPLICATE_METHOD_MATCH = YES;
				CODE_SIGN_IDENTITY = "iPhone Developer";
				COPY_PHASE_STRIP = NO;
				DEBUG_INFORMATION_FORMAT = "dwarf-with-dsym";
				ENABLE_NS_ASSERTIONS = NO;
				ENABLE_STRICT_OBJC_MSGSEND = YES;
				GCC_C_LANGUAGE_STANDARD = gnu11;
				GCC_NO_COMMON_BLOCKS = YES;
				GCC_WARN_64_TO_32_BIT_CONVERSION = YES;
				GCC_WARN_ABOUT_RETURN_TYPE = YES_ERROR;
				GCC_WARN_UNDECLARED_SELECTOR = YES;
				GCC_WARN_UNINITIALIZED_AUTOS = YES_AGGRESSIVE;
				GCC_WARN_UNUSED_FUNCTION = YES;
				GCC_WARN_UNUSED_VARIABLE = YES;
				IPHONEOS_DEPLOYMENT_TARGET = 8.0;
				MTL_ENABLE_DEBUG_INFO = NO;
				SDKROOT = iphoneos;
				VALIDATE_PRODUCT = YES;
			};
			name = Release;
		};
		6A8540F31FFB0EC000913301 /* Debug */ = {
			isa = XCBuildConfiguration;
			baseConfigurationReference = CCB9E81D947F7ACA5A4BA113 /* Pods-StudyDemo.debug.xcconfig */;
			buildSettings = {
				ASSETCATALOG_COMPILER_APPICON_NAME = AppIcon;
				ASSETCATALOG_COMPILER_LAUNCHIMAGE_NAME = LaunchImage;
				CODE_SIGN_STYLE = Automatic;
				DEVELOPMENT_TEAM = 8JD3VFVV9F;
				GCC_PRECOMPILE_PREFIX_HEADER = YES;
				GCC_PREFIX_HEADER = StudyDemo/common/PrefixHeader.pch;
				INFOPLIST_FILE = StudyDemo/Info.plist;
				IPHONEOS_DEPLOYMENT_TARGET = 8.0;
				LD_RUNPATH_SEARCH_PATHS = "$(inherited) @executable_path/Frameworks";
				PRODUCT_BUNDLE_IDENTIFIER = com.masterzeng.StudyDemo;
				PRODUCT_NAME = "$(TARGET_NAME)";
				TARGETED_DEVICE_FAMILY = 1;
			};
			name = Debug;
		};
		6A8540F41FFB0EC000913301 /* Release */ = {
			isa = XCBuildConfiguration;
			baseConfigurationReference = A31D7C2BD6403CB3E33BA522 /* Pods-StudyDemo.release.xcconfig */;
			buildSettings = {
				ASSETCATALOG_COMPILER_APPICON_NAME = AppIcon;
				ASSETCATALOG_COMPILER_LAUNCHIMAGE_NAME = LaunchImage;
				CODE_SIGN_STYLE = Automatic;
				DEVELOPMENT_TEAM = 8JD3VFVV9F;
				GCC_PRECOMPILE_PREFIX_HEADER = YES;
				GCC_PREFIX_HEADER = StudyDemo/common/PrefixHeader.pch;
				INFOPLIST_FILE = StudyDemo/Info.plist;
				IPHONEOS_DEPLOYMENT_TARGET = 8.0;
				LD_RUNPATH_SEARCH_PATHS = "$(inherited) @executable_path/Frameworks";
				PRODUCT_BUNDLE_IDENTIFIER = com.masterzeng.StudyDemo;
				PRODUCT_NAME = "$(TARGET_NAME)";
				TARGETED_DEVICE_FAMILY = 1;
			};
			name = Release;
		};
/* End XCBuildConfiguration section */

/* Begin XCConfigurationList section */
		6A8540D71FFB0EC000913301 /* Build configuration list for PBXProject "StudyDemo" */ = {
			isa = XCConfigurationList;
			buildConfigurations = (
				6A8540F01FFB0EC000913301 /* Debug */,
				6A8540F11FFB0EC000913301 /* Release */,
			);
			defaultConfigurationIsVisible = 0;
			defaultConfigurationName = Release;
		};
		6A8540F21FFB0EC000913301 /* Build configuration list for PBXNativeTarget "StudyDemo" */ = {
			isa = XCConfigurationList;
			buildConfigurations = (
				6A8540F31FFB0EC000913301 /* Debug */,
				6A8540F41FFB0EC000913301 /* Release */,
			);
			defaultConfigurationIsVisible = 0;
			defaultConfigurationName = Release;
		};
/* End XCConfigurationList section */
	};
	rootObject = 6A8540D41FFB0EC000913301 /* Project object */;
}
