// !$*UTF8*$!
{
	archiveVersion = 1;
	classes = {
	};
	objectVersion = 48;
	objects = {

/* Begin PBXBuildFile section */
		6A8540E11FFB0EC000913301 /* AppDelegate.m in Sources */ = {isa = PBXBuildFile; fileRef = 6A8540E01FFB0EC000913301 /* AppDelegate.m */; };
		6A8540E41FFB0EC000913301 /* ViewController.m in Sources */ = {isa = PBXBuildFile; fileRef = 6A8540E31FFB0EC000913301 /* ViewController.m */; };
		6A8540E71FFB0EC000913301 /* Main.storyboard in Resources */ = {isa = PBXBuildFile; fileRef = 6A8540E51FFB0EC000913301 /* Main.storyboard */; };
		6A8540E91FFB0EC000913301 /* Assets.xcassets in Resources */ = {isa = PBXBuildFile; fileRef = 6A8540E81FFB0EC000913301 /* Assets.xcassets */; };
		6A8540EC1FFB0EC000913301 /* LaunchScreen.storyboard in Resources */ = {isa = PBXBuildFile; fileRef = 6A8540EA1FFB0EC000913301 /* LaunchScreen.storyboard */; };
		6A8540EF1FFB0EC000913301 /* main.m in Sources */ = {isa = PBXBuildFile; fileRef = 6A8540EE1FFB0EC000913301 /* main.m */; };
		6A8540F71FFB13BD00913301 /* functionList.plist in Resources */ = {isa = PBXBuildFile; fileRef = 6A8540F61FFB13BD00913301 /* functionList.plist */; };
		6A8540FF1FFB1F5100913301 /* ScanBarCodeVC.m in Sources */ = {isa = PBXBuildFile; fileRef = 6A8540FE1FFB1F5100913301 /* ScanBarCodeVC.m */; };
		6A8541011FFB239F00913301 /* scan.wav in Resources */ = {isa = PBXBuildFile; fileRef = 6A8541001FFB239F00913301 /* scan.wav */; };
		6A8541071FFB298500913301 /* MZButton.m in Sources */ = {isa = PBXBuildFile; fileRef = 6A8541061FFB298500913301 /* MZButton.m */; };
		6A85410B1FFB2D2500913301 /* BarCodeFuncVC.m in Sources */ = {isa = PBXBuildFile; fileRef = 6A85410A1FFB2D2500913301 /* BarCodeFuncVC.m */; };
		6A85410E1FFB2FB600913301 /* CreateBarCodeVC.m in Sources */ = {isa = PBXBuildFile; fileRef = 6A85410D1FFB2FB600913301 /* CreateBarCodeVC.m */; };
		6A8541111FFB34B600913301 /* VerifyImageBarCodeVC.m in Sources */ = {isa = PBXBuildFile; fileRef = 6A8541101FFB34B600913301 /* VerifyImageBarCodeVC.m */; };
		6A8541131FFB359F00913301 /* barcode.png in Resources */ = {isa = PBXBuildFile; fileRef = 6A8541121FFB359E00913301 /* barcode.png */; };
		6A8541211FFB53F600913301 /* MBProgressHUD+SN.m in Sources */ = {isa = PBXBuildFile; fileRef = 6A8541201FFB53F600913301 /* MBProgressHUD+SN.m */; };
		6A8541241FFB547A00913301 /* AddressBookController.m in Sources */ = {isa = PBXBuildFile; fileRef = 6A8541231FFB547A00913301 /* AddressBookController.m */; };
		6A8541281FFB567100913301 /* MZContactModel.m in Sources */ = {isa = PBXBuildFile; fileRef = 6A8541271FFB567100913301 /* MZContactModel.m */; };
		6A85412B1FFB58CE00913301 /* GetContactMethodListVC.m in Sources */ = {isa = PBXBuildFile; fileRef = 6A85412A1FFB58CE00913301 /* GetContactMethodListVC.m */; };
		6A85412E1FFB670700913301 /* ContactsUIVC.m in Sources */ = {isa = PBXBuildFile; fileRef = 6A85412D1FFB670700913301 /* ContactsUIVC.m */; };
		6A85413D1FFB8E5200913301 /* XibView.m in Sources */ = {isa = PBXBuildFile; fileRef = 6A85413C1FFB8E5200913301 /* XibView.m */; };
		6A85413F1FFB8E5F00913301 /* XibView.xib in Resources */ = {isa = PBXBuildFile; fileRef = 6A85413E1FFB8E5F00913301 /* XibView.xib */; };
		6AF6B1901FFF753D00CBB30F /* XibViewTestVC.m in Sources */ = {isa = PBXBuildFile; fileRef = 6AF6B18F1FFF753D00CBB30F /* XibViewTestVC.m */; };
		6AF6B1931FFF76A500CBB30F /* ErrorXibView.m in Sources */ = {isa = PBXBuildFile; fileRef = 6AF6B1921FFF76A500CBB30F /* ErrorXibView.m */; };
		6AF6B1951FFF76B100CBB30F /* ErrorXibView.xib in Resources */ = {isa = PBXBuildFile; fileRef = 6AF6B1941FFF76B100CBB30F /* ErrorXibView.xib */; };
		6AF6B1991FFF7C4E00CBB30F /* XibTestCell.m in Sources */ = {isa = PBXBuildFile; fileRef = 6AF6B1971FFF7C4E00CBB30F /* XibTestCell.m */; };
		6AF6B19A1FFF7C4E00CBB30F /* XibTestCell.xib in Resources */ = {isa = PBXBuildFile; fileRef = 6AF6B1981FFF7C4E00CBB30F /* XibTestCell.xib */; };
		6AF6B19E1FFF817400CBB30F /* WKWebView_MessageHandler.m in Sources */ = {isa = PBXBuildFile; fileRef = 6AF6B19D1FFF817400CBB30F /* WKWebView_MessageHandler.m */; };
		6AF7B9DD200062B700AC2015 /* JavaScriptAndOCFunVC.m in Sources */ = {isa = PBXBuildFile; fileRef = 6AF7B9DC200062B700AC2015 /* JavaScriptAndOCFunVC.m */; };
		6AF7B9DF2000643200AC2015 /* index1.html in Resources */ = {isa = PBXBuildFile; fileRef = 6AF7B9DE2000643100AC2015 /* index1.html */; };
		6AF7B9E72003219E00AC2015 /* UIWebView_URL.m in Sources */ = {isa = PBXBuildFile; fileRef = 6AF7B9E62003219E00AC2015 /* UIWebView_URL.m */; };
		6AF7B9EB20032E5E00AC2015 /* index2.html in Resources */ = {isa = PBXBuildFile; fileRef = 6AF7B9EA20032E5E00AC2015 /* index2.html */; };
		6AF7B9EE20033AE400AC2015 /* WKWebView_URL.m in Sources */ = {isa = PBXBuildFile; fileRef = 6AF7B9ED20033AE400AC2015 /* WKWebView_URL.m */; };
		6AF7B9F5200347A100AC2015 /* UIWebView_JSContext.m in Sources */ = {isa = PBXBuildFile; fileRef = 6AF7B9F4200347A100AC2015 /* UIWebView_JSContext.m */; };
		6AF7B9F7200348DD00AC2015 /* index3.html in Resources */ = {isa = PBXBuildFile; fileRef = 6AF7B9F6200348DD00AC2015 /* index3.html */; };
		6AF7B9FA20034DD600AC2015 /* UIWebView_JSExport.m in Sources */ = {isa = PBXBuildFile; fileRef = 6AF7B9F920034DD600AC2015 /* UIWebView_JSExport.m */; };
		6AF7B9FC200350DD00AC2015 /* index4.html in Resources */ = {isa = PBXBuildFile; fileRef = 6AF7B9FB200350DD00AC2015 /* index4.html */; };
		6AF7BA04200356B700AC2015 /* MZWebViewVC.m in Sources */ = {isa = PBXBuildFile; fileRef = 6AF7BA03200356B700AC2015 /* MZWebViewVC.m */; };
		F370EA13B9A38CA2939F7730 /* libPods-StudyDemo.a in Frameworks */ = {isa = PBXBuildFile; fileRef = 1683615C0CA75C38E66F3962 /* libPods-StudyDemo.a */; };
/* End PBXBuildFile section */

/* Begin PBXFileReference section */
		1683615C0CA75C38E66F3962 /* libPods-StudyDemo.a */ = {isa = PBXFileReference; explicitFileType = archive.ar; includeInIndex = 0; path = "libPods-StudyDemo.a"; sourceTree = BUILT_PRODUCTS_DIR; };
		6A8540DC1FFB0EC000913301 /* StudyDemo.app */ = {isa = PBXFileReference; explicitFileType = wrapper.application; includeInIndex = 0; path = StudyDemo.app; sourceTree = BUILT_PRODUCTS_DIR; };
		6A8540DF1FFB0EC000913301 /* AppDelegate.h */ = {isa = PBXFileReference; lastKnownFileType = sourcecode.c.h; path = AppDelegate.h; sourceTree = "<group>"; };
		6A8540E01FFB0EC000913301 /* AppDelegate.m */ = {isa = PBXFileReference; lastKnownFileType = sourcecode.c.objc; path = AppDelegate.m; sourceTree = "<group>"; };
		6A8540E21FFB0EC000913301 /* ViewController.h */ = {isa = PBXFileReference; lastKnownFileType = sourcecode.c.h; path = ViewController.h; sourceTree = "<group>"; };
		6A8540E31FFB0EC000913301 /* ViewController.m */ = {isa = PBXFileReference; lastKnownFileType = sourcecode.c.objc; path = ViewController.m; sourceTree = "<group>"; };
		6A8540E81FFB0EC000913301 /* Assets.xcassets */ = {isa = PBXFileReference; lastKnownFileType = folder.assetcatalog; path = Assets.xcassets; sourceTree = "<group>"; };
		6A8540ED1FFB0EC000913301 /* Info.plist */ = {isa = PBXFileReference; lastKnownFileType = text.plist.xml; path = Info.plist; sourceTree = "<group>"; };
		6A8540EE1FFB0EC000913301 /* main.m */ = {isa = PBXFileReference; lastKnownFileType = sourcecode.c.objc; path = main.m; sourceTree = "<group>"; };
		6A8540F61FFB13BD00913301 /* functionList.plist */ = {isa = PBXFileReference; lastKnownFileType = text.plist.xml; path = functionList.plist; sourceTree = "<group>"; };
		6A8540F91FFB1A2E00913301 /* PrefixHeader.pch */ = {isa = PBXFileReference; lastKnownFileType = sourcecode.c.h; path = PrefixHeader.pch; sourceTree = "<group>"; };
		6A8540FD1FFB1F5100913301 /* ScanBarCodeVC.h */ = {isa = PBXFileReference; lastKnownFileType = sourcecode.c.h; path = ScanBarCodeVC.h; sourceTree = "<group>"; };
		6A8540FE1FFB1F5100913301 /* ScanBarCodeVC.m */ = {isa = PBXFileReference; lastKnownFileType = sourcecode.c.objc; path = ScanBarCodeVC.m; sourceTree = "<group>"; };
		6A8541001FFB239F00913301 /* scan.wav */ = {isa = PBXFileReference; lastKnownFileType = audio.wav; path = scan.wav; sourceTree = "<group>"; };
		6A8541051FFB298500913301 /* MZButton.h */ = {isa = PBXFileReference; lastKnownFileType = sourcecode.c.h; path = MZButton.h; sourceTree = "<group>"; };
		6A8541061FFB298500913301 /* MZButton.m */ = {isa = PBXFileReference; lastKnownFileType = sourcecode.c.objc; path = MZButton.m; sourceTree = "<group>"; };
		6A8541091FFB2D2500913301 /* BarCodeFuncVC.h */ = {isa = PBXFileReference; lastKnownFileType = sourcecode.c.h; path = BarCodeFuncVC.h; sourceTree = "<group>"; };
		6A85410A1FFB2D2500913301 /* BarCodeFuncVC.m */ = {isa = PBXFileReference; lastKnownFileType = sourcecode.c.objc; path = BarCodeFuncVC.m; sourceTree = "<group>"; };
		6A85410C1FFB2FB600913301 /* CreateBarCodeVC.h */ = {isa = PBXFileReference; lastKnownFileType = sourcecode.c.h; path = CreateBarCodeVC.h; sourceTree = "<group>"; };
		6A85410D1FFB2FB600913301 /* CreateBarCodeVC.m */ = {isa = PBXFileReference; lastKnownFileType = sourcecode.c.objc; path = CreateBarCodeVC.m; sourceTree = "<group>"; };
		6A85410F1FFB34B600913301 /* VerifyImageBarCodeVC.h */ = {isa = PBXFileReference; lastKnownFileType = sourcecode.c.h; path = VerifyImageBarCodeVC.h; sourceTree = "<group>"; };
		6A8541101FFB34B600913301 /* VerifyImageBarCodeVC.m */ = {isa = PBXFileReference; lastKnownFileType = sourcecode.c.objc; path = VerifyImageBarCodeVC.m; sourceTree = "<group>"; };
		6A8541121FFB359E00913301 /* barcode.png */ = {isa = PBXFileReference; lastKnownFileType = image.png; path = barcode.png; sourceTree = "<group>"; };
		6A85411F1FFB53F600913301 /* MBProgressHUD+SN.h */ = {isa = PBXFileReference; fileEncoding = 4; lastKnownFileType = sourcecode.c.h; path = "MBProgressHUD+SN.h"; sourceTree = "<group>"; };
		6A8541201FFB53F600913301 /* MBProgressHUD+SN.m */ = {isa = PBXFileReference; fileEncoding = 4; lastKnownFileType = sourcecode.c.objc; path = "MBProgressHUD+SN.m"; sourceTree = "<group>"; };
		6A8541221FFB547A00913301 /* AddressBookController.h */ = {isa = PBXFileReference; lastKnownFileType = sourcecode.c.h; path = AddressBookController.h; sourceTree = "<group>"; };
		6A8541231FFB547A00913301 /* AddressBookController.m */ = {isa = PBXFileReference; lastKnownFileType = sourcecode.c.objc; path = AddressBookController.m; sourceTree = "<group>"; };
		6A8541261FFB567100913301 /* MZContactModel.h */ = {isa = PBXFileReference; lastKnownFileType = sourcecode.c.h; path = MZContactModel.h; sourceTree = "<group>"; };
		6A8541271FFB567100913301 /* MZContactModel.m */ = {isa = PBXFileReference; lastKnownFileType = sourcecode.c.objc; path = MZContactModel.m; sourceTree = "<group>"; };
		6A8541291FFB58CE00913301 /* GetContactMethodListVC.h */ = {isa = PBXFileReference; lastKnownFileType = sourcecode.c.h; path = GetContactMethodListVC.h; sourceTree = "<group>"; };
		6A85412A1FFB58CE00913301 /* GetContactMethodListVC.m */ = {isa = PBXFileReference; lastKnownFileType = sourcecode.c.objc; path = GetContactMethodListVC.m; sourceTree = "<group>"; };
		6A85412C1FFB670700913301 /* ContactsUIVC.h */ = {isa = PBXFileReference; lastKnownFileType = sourcecode.c.h; path = ContactsUIVC.h; sourceTree = "<group>"; };
		6A85412D1FFB670700913301 /* ContactsUIVC.m */ = {isa = PBXFileReference; lastKnownFileType = sourcecode.c.objc; path = ContactsUIVC.m; sourceTree = "<group>"; };
		6A8541331FFB70F900913301 /* Base */ = {isa = PBXFileReference; lastKnownFileType = file.storyboard; name = Base; path = Base.lproj/Main.storyboard; sourceTree = "<group>"; };
		6A8541341FFB70FA00913301 /* Base */ = {isa = PBXFileReference; lastKnownFileType = file.storyboard; name = Base; path = Base.lproj/LaunchScreen.storyboard; sourceTree = "<group>"; };
		6A8541351FFB710100913301 /* zh-Hans */ = {isa = PBXFileReference; lastKnownFileType = text.plist.strings; name = "zh-Hans"; path = "zh-Hans.lproj/Main.strings"; sourceTree = "<group>"; };
		6A8541361FFB710100913301 /* zh-Hans */ = {isa = PBXFileReference; lastKnownFileType = text.plist.strings; name = "zh-Hans"; path = "zh-Hans.lproj/LaunchScreen.strings"; sourceTree = "<group>"; };
		6A85413B1FFB8E5200913301 /* XibView.h */ = {isa = PBXFileReference; lastKnownFileType = sourcecode.c.h; path = XibView.h; sourceTree = "<group>"; };
		6A85413C1FFB8E5200913301 /* XibView.m */ = {isa = PBXFileReference; lastKnownFileType = sourcecode.c.objc; path = XibView.m; sourceTree = "<group>"; };
		6A85413E1FFB8E5F00913301 /* XibView.xib */ = {isa = PBXFileReference; lastKnownFileType = file.xib; path = XibView.xib; sourceTree = "<group>"; };
		6AF6B18E1FFF753D00CBB30F /* XibViewTestVC.h */ = {isa = PBXFileReference; lastKnownFileType = sourcecode.c.h; path = XibViewTestVC.h; sourceTree = "<group>"; };
		6AF6B18F1FFF753D00CBB30F /* XibViewTestVC.m */ = {isa = PBXFileReference; lastKnownFileType = sourcecode.c.objc; path = XibViewTestVC.m; sourceTree = "<group>"; };
		6AF6B1911FFF76A500CBB30F /* ErrorXibView.h */ = {isa = PBXFileReference; lastKnownFileType = sourcecode.c.h; path = ErrorXibView.h; sourceTree = "<group>"; };
		6AF6B1921FFF76A500CBB30F /* ErrorXibView.m */ = {isa = PBXFileReference; lastKnownFileType = sourcecode.c.objc; path = ErrorXibView.m; sourceTree = "<group>"; };
		6AF6B1941FFF76B100CBB30F /* ErrorXibView.xib */ = {isa = PBXFileReference; lastKnownFileType = file.xib; path = ErrorXibView.xib; sourceTree = "<group>"; };
		6AF6B1961FFF7C4E00CBB30F /* XibTestCell.h */ = {isa = PBXFileReference; lastKnownFileType = sourcecode.c.h; path = XibTestCell.h; sourceTree = "<group>"; };
		6AF6B1971FFF7C4E00CBB30F /* XibTestCell.m */ = {isa = PBXFileReference; lastKnownFileType = sourcecode.c.objc; path = XibTestCell.m; sourceTree = "<group>"; };
		6AF6B1981FFF7C4E00CBB30F /* XibTestCell.xib */ = {isa = PBXFileReference; lastKnownFileType = file.xib; path = XibTestCell.xib; sourceTree = "<group>"; };
		6AF6B19C1FFF817400CBB30F /* WKWebView_MessageHandler.h */ = {isa = PBXFileReference; lastKnownFileType = sourcecode.c.h; path = WKWebView_MessageHandler.h; sourceTree = "<group>"; };
		6AF6B19D1FFF817400CBB30F /* WKWebView_MessageHandler.m */ = {isa = PBXFileReference; lastKnownFileType = sourcecode.c.objc; path = WKWebView_MessageHandler.m; sourceTree = "<group>"; };
		6AF7B9DB200062B700AC2015 /* JavaScriptAndOCFunVC.h */ = {isa = PBXFileReference; lastKnownFileType = sourcecode.c.h; path = JavaScriptAndOCFunVC.h; sourceTree = "<group>"; };
		6AF7B9DC200062B700AC2015 /* JavaScriptAndOCFunVC.m */ = {isa = PBXFileReference; lastKnownFileType = sourcecode.c.objc; path = JavaScriptAndOCFunVC.m; sourceTree = "<group>"; };
		6AF7B9DE2000643100AC2015 /* index1.html */ = {isa = PBXFileReference; fileEncoding = 4; lastKnownFileType = text.html; path = index1.html; sourceTree = "<group>"; };
		6AF7B9E52003219E00AC2015 /* UIWebView_URL.h */ = {isa = PBXFileReference; lastKnownFileType = sourcecode.c.h; path = UIWebView_URL.h; sourceTree = "<group>"; };
		6AF7B9E62003219E00AC2015 /* UIWebView_URL.m */ = {isa = PBXFileReference; lastKnownFileType = sourcecode.c.objc; path = UIWebView_URL.m; sourceTree = "<group>"; };
		6AF7B9EA20032E5E00AC2015 /* index2.html */ = {isa = PBXFileReference; fileEncoding = 4; lastKnownFileType = text.html; path = index2.html; sourceTree = "<group>"; };
		6AF7B9EC20033AE400AC2015 /* WKWebView_URL.h */ = {isa = PBXFileReference; lastKnownFileType = sourcecode.c.h; path = WKWebView_URL.h; sourceTree = "<group>"; };
		6AF7B9ED20033AE400AC2015 /* WKWebView_URL.m */ = {isa = PBXFileReference; lastKnownFileType = sourcecode.c.objc; path = WKWebView_URL.m; sourceTree = "<group>"; };
		6AF7B9F3200347A000AC2015 /* UIWebView_JSContext.h */ = {isa = PBXFileReference; fileEncoding = 4; lastKnownFileType = sourcecode.c.h; path = UIWebView_JSContext.h; sourceTree = "<group>"; };
		6AF7B9F4200347A100AC2015 /* UIWebView_JSContext.m */ = {isa = PBXFileReference; fileEncoding = 4; lastKnownFileType = sourcecode.c.objc; path = UIWebView_JSContext.m; sourceTree = "<group>"; };
		6AF7B9F6200348DD00AC2015 /* index3.html */ = {isa = PBXFileReference; fileEncoding = 4; lastKnownFileType = text.html; path = index3.html; sourceTree = "<group>"; };
		6AF7B9F820034DD600AC2015 /* UIWebView_JSExport.h */ = {isa = PBXFileReference; lastKnownFileType = sourcecode.c.h; path = UIWebView_JSExport.h; sourceTree = "<group>"; };
		6AF7B9F920034DD600AC2015 /* UIWebView_JSExport.m */ = {isa = PBXFileReference; lastKnownFileType = sourcecode.c.objc; path = UIWebView_JSExport.m; sourceTree = "<group>"; };
		6AF7B9FB200350DD00AC2015 /* index4.html */ = {isa = PBXFileReference; fileEncoding = 4; lastKnownFileType = text.html; path = index4.html; sourceTree = "<group>"; };
		6AF7BA02200356B700AC2015 /* MZWebViewVC.h */ = {isa = PBXFileReference; lastKnownFileType = sourcecode.c.h; path = MZWebViewVC.h; sourceTree = "<group>"; };
		6AF7BA03200356B700AC2015 /* MZWebViewVC.m */ = {isa = PBXFileReference; lastKnownFileType = sourcecode.c.objc; path = MZWebViewVC.m; sourceTree = "<group>"; };
		A31D7C2BD6403CB3E33BA522 /* Pods-StudyDemo.release.xcconfig */ = {isa = PBXFileReference; includeInIndex = 1; lastKnownFileType = text.xcconfig; name = "Pods-StudyDemo.release.xcconfig"; path = "Pods/Target Support Files/Pods-StudyDemo/Pods-StudyDemo.release.xcconfig"; sourceTree = "<group>"; };
		CCB9E81D947F7ACA5A4BA113 /* Pods-StudyDemo.debug.xcconfig */ = {isa = PBXFileReference; includeInIndex = 1; lastKnownFileType = text.xcconfig; name = "Pods-StudyDemo.debug.xcconfig"; path = "Pods/Target Support Files/Pods-StudyDemo/Pods-StudyDemo.debug.xcconfig"; sourceTree = "<group>"; };
/* End PBXFileReference section */

/* Begin PBXFrameworksBuildPhase section */
		6A8540D91FFB0EC000913301 /* Frameworks */ = {
			isa = PBXFrameworksBuildPhase;
			buildActionMask = 2147483647;
			files = (
				F370EA13B9A38CA2939F7730 /* libPods-StudyDemo.a in Frameworks */,
			);
			runOnlyForDeploymentPostprocessing = 0;
		};
/* End PBXFrameworksBuildPhase section */

/* Begin PBXGroup section */
		0F0F9493EE6CAF6EB2D0BF98 /* Frameworks */ = {
			isa = PBXGroup;
			children = (
				1683615C0CA75C38E66F3962 /* libPods-StudyDemo.a */,
			);
			name = Frameworks;
			sourceTree = "<group>";
		};
		6A8540D31FFB0EC000913301 = {
			isa = PBXGroup;
			children = (
				6A8540DE1FFB0EC000913301 /* StudyDemo */,
				6A8540DD1FFB0EC000913301 /* Products */,
				8D2FD2FAC9C0F6111B5FC588 /* Pods */,
				0F0F9493EE6CAF6EB2D0BF98 /* Frameworks */,
			);
			sourceTree = "<group>";
		};
		6A8540DD1FFB0EC000913301 /* Products */ = {
			isa = PBXGroup;
			children = (
				6A8540DC1FFB0EC000913301 /* StudyDemo.app */,
			);
			name = Products;
			sourceTree = "<group>";
		};
		6A8540DE1FFB0EC000913301 /* StudyDemo */ = {
			isa = PBXGroup;
			children = (
				6A8541171FFB41DB00913301 /* ThirdParty */,
				6A8540FB1FFB1EC500913301 /* UI */,
				6A8540FA1FFB1EBE00913301 /* Util */,
				6A8540F81FFB19CD00913301 /* common */,
				6A8540F51FFB133F00913301 /* file */,
				6A8540DF1FFB0EC000913301 /* AppDelegate.h */,
				6A8540E01FFB0EC000913301 /* AppDelegate.m */,
				6A8540E21FFB0EC000913301 /* ViewController.h */,
				6A8540E31FFB0EC000913301 /* ViewController.m */,
				6A8540E51FFB0EC000913301 /* Main.storyboard */,
				6A8540E81FFB0EC000913301 /* Assets.xcassets */,
				6A8540EA1FFB0EC000913301 /* LaunchScreen.storyboard */,
				6A8540ED1FFB0EC000913301 /* Info.plist */,
				6A8540EE1FFB0EC000913301 /* main.m */,
			);
			path = StudyDemo;
			sourceTree = "<group>";
		};
		6A8540F51FFB133F00913301 /* file */ = {
			isa = PBXGroup;
			children = (
				6A8541001FFB239F00913301 /* scan.wav */,
				6A8540F61FFB13BD00913301 /* functionList.plist */,
			);
			path = file;
			sourceTree = "<group>";
		};
		6A8540F81FFB19CD00913301 /* common */ = {
			isa = PBXGroup;
			children = (
				6A8540F91FFB1A2E00913301 /* PrefixHeader.pch */,
			);
			path = common;
			sourceTree = "<group>";
		};
		6A8540FA1FFB1EBE00913301 /* Util */ = {
			isa = PBXGroup;
			children = (
				6AF7BA012003569100AC2015 /* BaseVC */,
				6AF6B19B1FFF803400CBB30F /* JS与0C交互 */,
				6A85411E1FFB52AF00913301 /* 获取系统联系人 */,
				6A8540FC1FFB1F2C00913301 /* 二维码生成与获取 */,
			);
			path = Util;
			sourceTree = "<group>";
		};
		6A8540FB1FFB1EC500913301 /* UI */ = {
			isa = PBXGroup;
			children = (
				6A85413A1FFB8DDB00913301 /* xib适配问题 */,
				6A8541081FFB298D00913301 /* Button */,
			);
			path = UI;
			sourceTree = "<group>";
		};
		6A8540FC1FFB1F2C00913301 /* 二维码生成与获取 */ = {
			isa = PBXGroup;
			children = (
				6AF7B9DA200061FA00AC2015 /* 识别图片或相册二维码 */,
				6AF7B9D9200061E900AC2015 /* 扫描二维码 */,
				6AF7B9D8200061D500AC2015 /* 生成二维码 */,
				6A8541091FFB2D2500913301 /* BarCodeFuncVC.h */,
				6A85410A1FFB2D2500913301 /* BarCodeFuncVC.m */,
			);
			path = "二维码生成与获取";
			sourceTree = "<group>";
		};
		6A8541081FFB298D00913301 /* Button */ = {
			isa = PBXGroup;
			children = (
				6A8541051FFB298500913301 /* MZButton.h */,
				6A8541061FFB298500913301 /* MZButton.m */,
			);
			path = Button;
			sourceTree = "<group>";
		};
		6A8541171FFB41DB00913301 /* ThirdParty */ = {
			isa = PBXGroup;
			children = (
				6A85411F1FFB53F600913301 /* MBProgressHUD+SN.h */,
				6A8541201FFB53F600913301 /* MBProgressHUD+SN.m */,
			);
			path = ThirdParty;
			sourceTree = "<group>";
		};
		6A85411E1FFB52AF00913301 /* 获取系统联系人 */ = {
			isa = PBXGroup;
			children = (
				6A8541251FFB565C00913301 /* Model */,
				6A8541291FFB58CE00913301 /* GetContactMethodListVC.h */,
				6A85412A1FFB58CE00913301 /* GetContactMethodListVC.m */,
				6A8541221FFB547A00913301 /* AddressBookController.h */,
				6A8541231FFB547A00913301 /* AddressBookController.m */,
				6A85412C1FFB670700913301 /* ContactsUIVC.h */,
				6A85412D1FFB670700913301 /* ContactsUIVC.m */,
			);
			path = "获取系统联系人";
			sourceTree = "<group>";
		};
		6A8541251FFB565C00913301 /* Model */ = {
			isa = PBXGroup;
			children = (
				6A8541261FFB567100913301 /* MZContactModel.h */,
				6A8541271FFB567100913301 /* MZContactModel.m */,
			);
			path = Model;
			sourceTree = "<group>";
		};
		6A85413A1FFB8DDB00913301 /* xib适配问题 */ = {
			isa = PBXGroup;
			children = (
				6A8541401FFB909400913301 /* View */,
				6AF6B18E1FFF753D00CBB30F /* XibViewTestVC.h */,
				6AF6B18F1FFF753D00CBB30F /* XibViewTestVC.m */,
			);
			path = "xib适配问题";
			sourceTree = "<group>";
		};
		6A8541401FFB909400913301 /* View */ = {
			isa = PBXGroup;
			children = (
				6AF6B1961FFF7C4E00CBB30F /* XibTestCell.h */,
				6AF6B1971FFF7C4E00CBB30F /* XibTestCell.m */,
				6AF6B1981FFF7C4E00CBB30F /* XibTestCell.xib */,
				6A85413B1FFB8E5200913301 /* XibView.h */,
				6A85413C1FFB8E5200913301 /* XibView.m */,
				6A85413E1FFB8E5F00913301 /* XibView.xib */,
				6AF6B1911FFF76A500CBB30F /* ErrorXibView.h */,
				6AF6B1921FFF76A500CBB30F /* ErrorXibView.m */,
				6AF6B1941FFF76B100CBB30F /* ErrorXibView.xib */,
			);
			path = View;
			sourceTree = "<group>";
		};
		6AF6B19B1FFF803400CBB30F /* JS与0C交互 */ = {
			isa = PBXGroup;
			children = (
				6AF7B9EF2003473000AC2015 /* JavaScriptCore */,
				6AF7B9E020031E0700AC2015 /* Href */,
				6AF7B9D52000615A00AC2015 /* MessageHandler */,
				6AF7B9DB200062B700AC2015 /* JavaScriptAndOCFunVC.h */,
				6AF7B9DC200062B700AC2015 /* JavaScriptAndOCFunVC.m */,
			);
			path = "JS与0C交互";
			sourceTree = "<group>";
		};
		6AF7B9D52000615A00AC2015 /* MessageHandler */ = {
			isa = PBXGroup;
			children = (
				6AF7B9DE2000643100AC2015 /* index1.html */,
				6AF6B19C1FFF817400CBB30F /* WKWebView_MessageHandler.h */,
				6AF6B19D1FFF817400CBB30F /* WKWebView_MessageHandler.m */,
			);
			path = MessageHandler;
			sourceTree = "<group>";
		};
		6AF7B9D8200061D500AC2015 /* 生成二维码 */ = {
			isa = PBXGroup;
			children = (
				6A85410C1FFB2FB600913301 /* CreateBarCodeVC.h */,
				6A85410D1FFB2FB600913301 /* CreateBarCodeVC.m */,
			);
			path = "生成二维码";
			sourceTree = "<group>";
		};
		6AF7B9D9200061E900AC2015 /* 扫描二维码 */ = {
			isa = PBXGroup;
			children = (
				6A8540FD1FFB1F5100913301 /* ScanBarCodeVC.h */,
				6A8540FE1FFB1F5100913301 /* ScanBarCodeVC.m */,
			);
			path = "扫描二维码";
			sourceTree = "<group>";
		};
		6AF7B9DA200061FA00AC2015 /* 识别图片或相册二维码 */ = {
			isa = PBXGroup;
			children = (
				6A8541121FFB359E00913301 /* barcode.png */,
				6A85410F1FFB34B600913301 /* VerifyImageBarCodeVC.h */,
				6A8541101FFB34B600913301 /* VerifyImageBarCodeVC.m */,
			);
			path = "识别图片或相册二维码";
			sourceTree = "<group>";
		};
		6AF7B9E020031E0700AC2015 /* Href */ = {
			isa = PBXGroup;
			children = (
				6AF7B9EA20032E5E00AC2015 /* index2.html */,
				6AF7B9E52003219E00AC2015 /* UIWebView_URL.h */,
				6AF7B9E62003219E00AC2015 /* UIWebView_URL.m */,
				6AF7B9EC20033AE400AC2015 /* WKWebView_URL.h */,
				6AF7B9ED20033AE400AC2015 /* WKWebView_URL.m */,
			);
			path = Href;
			sourceTree = "<group>";
		};
		6AF7B9EF2003473000AC2015 /* JavaScriptCore */ = {
			isa = PBXGroup;
			children = (
				6AF7B9F6200348DD00AC2015 /* index3.html */,
				6AF7B9F3200347A000AC2015 /* UIWebView_JSContext.h */,
				6AF7B9F4200347A100AC2015 /* UIWebView_JSContext.m */,
				6AF7B9FB200350DD00AC2015 /* index4.html */,
				6AF7B9F820034DD600AC2015 /* UIWebView_JSExport.h */,
				6AF7B9F920034DD600AC2015 /* UIWebView_JSExport.m */,
			);
			path = JavaScriptCore;
			sourceTree = "<group>";
		};
		6AF7BA012003569100AC2015 /* BaseVC */ = {
			isa = PBXGroup;
			children = (
				6AF7BA02200356B700AC2015 /* MZWebViewVC.h */,
				6AF7BA03200356B700AC2015 /* MZWebViewVC.m */,
			);
			path = BaseVC;
			sourceTree = "<group>";
		};
		8D2FD2FAC9C0F6111B5FC588 /* Pods */ = {
			isa = PBXGroup;
			children = (
				CCB9E81D947F7ACA5A4BA113 /* Pods-StudyDemo.debug.xcconfig */,
				A31D7C2BD6403CB3E33BA522 /* Pods-StudyDemo.release.xcconfig */,
			);
			name = Pods;
			sourceTree = "<group>";
		};
/* End PBXGroup section */

/* Begin PBXNativeTarget section */
		6A8540DB1FFB0EC000913301 /* StudyDemo */ = {
			isa = PBXNativeTarget;
			buildConfigurationList = 6A8540F21FFB0EC000913301 /* Build configuration list for PBXNativeTarget "StudyDemo" */;
			buildPhases = (
				DE77A163441BBF4DF42F7364 /* [CP] Check Pods Manifest.lock */,
				6A8540D81FFB0EC000913301 /* Sources */,
				6A8540D91FFB0EC000913301 /* Frameworks */,
				6A8540DA1FFB0EC000913301 /* Resources */,
				D6C51F25FE0529F4C3226FDB /* [CP] Embed Pods Frameworks */,
				A8EFB2AA556AF4B069D58546 /* [CP] Copy Pods Resources */,
			);
			buildRules = (
			);
			dependencies = (
			);
			name = StudyDemo;
			productName = StudyDemo;
			productReference = 6A8540DC1FFB0EC000913301 /* StudyDemo.app */;
			productType = "com.apple.product-type.application";
		};
/* End PBXNativeTarget section */

/* Begin PBXProject section */
		6A8540D41FFB0EC000913301 /* Project object */ = {
			isa = PBXProject;
			attributes = {
				LastUpgradeCheck = 0920;
				ORGANIZATIONNAME = "曾龙";
				TargetAttributes = {
					6A8540DB1FFB0EC000913301 = {
						CreatedOnToolsVersion = 9.2;
						ProvisioningStyle = Automatic;
					};
				};
			};
			buildConfigurationList = 6A8540D71FFB0EC000913301 /* Build configuration list for PBXProject "StudyDemo" */;
			compatibilityVersion = "Xcode 8.0";
			developmentRegion = en;
			hasScannedForEncodings = 0;
			knownRegions = (
				Base,
			);
			mainGroup = 6A8540D31FFB0EC000913301;
			productRefGroup = 6A8540DD1FFB0EC000913301 /* Products */;
			projectDirPath = "";
			projectRoot = "";
			targets = (
				6A8540DB1FFB0EC000913301 /* StudyDemo */,
			);
		};
/* End PBXProject section */

/* Begin PBXResourcesBuildPhase section */
		6A8540DA1FFB0EC000913301 /* Resources */ = {
			isa = PBXResourcesBuildPhase;
			buildActionMask = 2147483647;
			files = (
				6A8541131FFB359F00913301 /* barcode.png in Resources */,
				6AF7B9DF2000643200AC2015 /* index1.html in Resources */,
				6AF6B1951FFF76B100CBB30F /* ErrorXibView.xib in Resources */,
				6A8541011FFB239F00913301 /* scan.wav in Resources */,
				6A8540EC1FFB0EC000913301 /* LaunchScreen.storyboard in Resources */,
				6AF7B9F7200348DD00AC2015 /* index3.html in Resources */,
				6AF6B19A1FFF7C4E00CBB30F /* XibTestCell.xib in Resources */,
				6AF7B9EB20032E5E00AC2015 /* index2.html in Resources */,
				6A85413F1FFB8E5F00913301 /* XibView.xib in Resources */,
				6A8540E91FFB0EC000913301 /* Assets.xcassets in Resources */,
				6A8540F71FFB13BD00913301 /* functionList.plist in Resources */,
				6AF7B9FC200350DD00AC2015 /* index4.html in Resources */,
				6A8540E71FFB0EC000913301 /* Main.storyboard in Resources */,
			);
			runOnlyForDeploymentPostprocessing = 0;
		};
/* End PBXResourcesBuildPhase section */

/* Begin PBXShellScriptBuildPhase section */
		A8EFB2AA556AF4B069D58546 /* [CP] Copy Pods Resources */ = {
			isa = PBXShellScriptBuildPhase;
			buildActionMask = 2147483647;
			files = (
			);
			inputPaths = (
			);
			name = "[CP] Copy Pods Resources";
			outputPaths = (
			);
			runOnlyForDeploymentPostprocessing = 0;
			shellPath = /bin/sh;
			shellScript = "\"${SRCROOT}/Pods/Target Support Files/Pods-StudyDemo/Pods-StudyDemo-resources.sh\"\n";
			showEnvVarsInLog = 0;
		};
		D6C51F25FE0529F4C3226FDB /* [CP] Embed Pods Frameworks */ = {
			isa = PBXShellScriptBuildPhase;
			buildActionMask = 2147483647;
			files = (
			);
			inputPaths = (
			);
			name = "[CP] Embed Pods Frameworks";
			outputPaths = (
			);
			runOnlyForDeploymentPostprocessing = 0;
			shellPath = /bin/sh;
			shellScript = "\"${SRCROOT}/Pods/Target Support Files/Pods-StudyDemo/Pods-StudyDemo-frameworks.sh\"\n";
			showEnvVarsInLog = 0;
		};
		DE77A163441BBF4DF42F7364 /* [CP] Check Pods Manifest.lock */ = {
			isa = PBXShellScriptBuildPhase;
			buildActionMask = 2147483647;
			files = (
			);
			inputPaths = (
				"${PODS_PODFILE_DIR_PATH}/Podfile.lock",
				"${PODS_ROOT}/Manifest.lock",
			);
			name = "[CP] Check Pods Manifest.lock";
			outputPaths = (
				"$(DERIVED_FILE_DIR)/Pods-StudyDemo-checkManifestLockResult.txt",
			);
			runOnlyForDeploymentPostprocessing = 0;
			shellPath = /bin/sh;
			shellScript = "diff \"${PODS_PODFILE_DIR_PATH}/Podfile.lock\" \"${PODS_ROOT}/Manifest.lock\" > /dev/null\nif [ $? != 0 ] ; then\n    # print error to STDERR\n    echo \"error: The sandbox is not in sync with the Podfile.lock. Run 'pod install' or update your CocoaPods installation.\" >&2\n    exit 1\nfi\n# This output is used by Xcode 'outputs' to avoid re-running this script phase.\necho \"SUCCESS\" > \"${SCRIPT_OUTPUT_FILE_0}\"\n";
			showEnvVarsInLog = 0;
		};
/* End PBXShellScriptBuildPhase section */

/* Begin PBXSourcesBuildPhase section */
		6A8540D81FFB0EC000913301 /* Sources */ = {
			isa = PBXSourcesBuildPhase;
			buildActionMask = 2147483647;
			files = (
				6A85410E1FFB2FB600913301 /* CreateBarCodeVC.m in Sources */,
				6AF6B1931FFF76A500CBB30F /* ErrorXibView.m in Sources */,
				6AF6B1901FFF753D00CBB30F /* XibViewTestVC.m in Sources */,
				6AF7BA04200356B700AC2015 /* MZWebViewVC.m in Sources */,
				6AF7B9DD200062B700AC2015 /* JavaScriptAndOCFunVC.m in Sources */,
				6AF7B9E72003219E00AC2015 /* UIWebView_URL.m in Sources */,
				6AF6B1991FFF7C4E00CBB30F /* XibTestCell.m in Sources */,
				6AF7B9F5200347A100AC2015 /* UIWebView_JSContext.m in Sources */,
				6A8540FF1FFB1F5100913301 /* ScanBarCodeVC.m in Sources */,
				6A8541111FFB34B600913301 /* VerifyImageBarCodeVC.m in Sources */,
				6A85413D1FFB8E5200913301 /* XibView.m in Sources */,
				6A85412E1FFB670700913301 /* ContactsUIVC.m in Sources */,
				6AF7B9FA20034DD600AC2015 /* UIWebView_JSExport.m in Sources */,
				6A85410B1FFB2D2500913301 /* BarCodeFuncVC.m in Sources */,
				6A8540E41FFB0EC000913301 /* ViewController.m in Sources */,
				6A85412B1FFB58CE00913301 /* GetContactMethodListVC.m in Sources */,
				6A8541281FFB567100913301 /* MZContactModel.m in Sources */,
				6AF6B19E1FFF817400CBB30F /* WKWebView_MessageHandler.m in Sources */,
				6A8541071FFB298500913301 /* MZButton.m in Sources */,
				6AF7B9EE20033AE400AC2015 /* WKWebView_URL.m in Sources */,
				6A8540EF1FFB0EC000913301 /* main.m in Sources */,
				6A8541241FFB547A00913301 /* AddressBookController.m in Sources */,
				6A8540E11FFB0EC000913301 /* AppDelegate.m in Sources */,
				6A8541211FFB53F600913301 /* MBProgressHUD+SN.m in Sources */,
			);
			runOnlyForDeploymentPostprocessing = 0;
		};
/* End PBXSourcesBuildPhase section */

/* Begin PBXVariantGroup section */
		6A8540E51FFB0EC000913301 /* Main.storyboard */ = {
			isa = PBXVariantGroup;
			children = (
				6A8541331FFB70F900913301 /* Base */,
				6A8541351FFB710100913301 /* zh-Hans */,
			);
			name = Main.storyboard;
			sourceTree = "<group>";
		};
		6A8540EA1FFB0EC000913301 /* LaunchScreen.storyboard */ = {
			isa = PBXVariantGroup;
			children = (
				6A8541341FFB70FA00913301 /* Base */,
				6A8541361FFB710100913301 /* zh-Hans */,
			);
			name = LaunchScreen.storyboard;
			sourceTree = "<group>";
		};
/* End PBXVariantGroup section */

/* Begin XCBuildConfiguration section */
		6A8540F01FFB0EC000913301 /* Debug */ = {
			isa = XCBuildConfiguration;
			buildSettings = {
				ALWAYS_SEARCH_USER_PATHS = NO;
				CLANG_ANALYZER_LOCALIZABILITY_NONLOCALIZED = YES;
				CLANG_ANALYZER_NONNULL = YES;
				CLANG_ANALYZER_NUMBER_OBJECT_CONVERSION = YES_AGGRESSIVE;
				CLANG_CXX_LANGUAGE_STANDARD = "gnu++14";
				CLANG_CXX_LIBRARY = "libc++";
				CLANG_ENABLE_MODULES = YES;
				CLANG_ENABLE_OBJC_ARC = YES;
				CLANG_WARN_BLOCK_CAPTURE_AUTORELEASING = YES;
				CLANG_WARN_BOOL_CONVERSION = YES;
				CLANG_WARN_COMMA = YES;
				CLANG_WARN_CONSTANT_CONVERSION = YES;
				CLANG_WARN_DIRECT_OBJC_ISA_USAGE = YES_ERROR;
				CLANG_WARN_DOCUMENTATION_COMMENTS = YES;
				CLANG_WARN_EMPTY_BODY = YES;
				CLANG_WARN_ENUM_CONVERSION = YES;
				CLANG_WARN_INFINITE_RECURSION = YES;
				CLANG_WARN_INT_CONVERSION = YES;
				CLANG_WARN_NON_LITERAL_NULL_CONVERSION = YES;
				CLANG_WARN_OBJC_LITERAL_CONVERSION = YES;
				CLANG_WARN_OBJC_ROOT_CLASS = YES_ERROR;
				CLANG_WARN_RANGE_LOOP_ANALYSIS = YES;
				CLANG_WARN_STRICT_PROTOTYPES = YES;
				CLANG_WARN_SUSPICIOUS_MOVE = YES;
				CLANG_WARN_UNGUARDED_AVAILABILITY = YES_AGGRESSIVE;
				CLANG_WARN_UNREACHABLE_CODE = YES;
				CLANG_WARN__DUPLICATE_METHOD_MATCH = YES;
				CODE_SIGN_IDENTITY = "iPhone Developer";
				COPY_PHASE_STRIP = NO;
				DEBUG_INFORMATION_FORMAT = dwarf;
				ENABLE_STRICT_OBJC_MSGSEND = YES;
				ENABLE_TESTABILITY = YES;
				GCC_C_LANGUAGE_STANDARD = gnu11;
				GCC_DYNAMIC_NO_PIC = NO;
				GCC_NO_COMMON_BLOCKS = YES;
				GCC_OPTIMIZATION_LEVEL = 0;
				GCC_PREPROCESSOR_DEFINITIONS = (
					"DEBUG=1",
					"$(inherited)",
				);
				GCC_WARN_64_TO_32_BIT_CONVERSION = YES;
				GCC_WARN_ABOUT_RETURN_TYPE = YES_ERROR;
				GCC_WARN_UNDECLARED_SELECTOR = YES;
				GCC_WARN_UNINITIALIZED_AUTOS = YES_AGGRESSIVE;
				GCC_WARN_UNUSED_FUNCTION = YES;
				GCC_WARN_UNUSED_VARIABLE = YES;
				IPHONEOS_DEPLOYMENT_TARGET = 8.0;
				MTL_ENABLE_DEBUG_INFO = YES;
				ONLY_ACTIVE_ARCH = YES;
				SDKROOT = iphoneos;
			};
			name = Debug;
		};
		6A8540F11FFB0EC000913301 /* Release */ = {
			isa = XCBuildConfiguration;
			buildSettings = {
				ALWAYS_SEARCH_USER_PATHS = NO;
				CLANG_ANALYZER_LOCALIZABILITY_NONLOCALIZED = YES;
				CLANG_ANALYZER_NONNULL = YES;
				CLANG_ANALYZER_NUMBER_OBJECT_CONVERSION = YES_AGGRESSIVE;
				CLANG_CXX_LANGUAGE_STANDARD = "gnu++14";
				CLANG_CXX_LIBRARY = "libc++";
				CLANG_ENABLE_MODULES = YES;
				CLANG_ENABLE_OBJC_ARC = YES;
				CLANG_WARN_BLOCK_CAPTURE_AUTORELEASING = YES;
				CLANG_WARN_BOOL_CONVERSION = YES;
				CLANG_WARN_COMMA = YES;
				CLANG_WARN_CONSTANT_CONVERSION = YES;
				CLANG_WARN_DIRECT_OBJC_ISA_USAGE = YES_ERROR;
				CLANG_WARN_DOCUMENTATION_COMMENTS = YES;
				CLANG_WARN_EMPTY_BODY = YES;
				CLANG_WARN_ENUM_CONVERSION = YES;
				CLANG_WARN_INFINITE_RECURSION = YES;
				CLANG_WARN_INT_CONVERSION = YES;
				CLANG_WARN_NON_LITERAL_NULL_CONVERSION = YES;
				CLANG_WARN_OBJC_LITERAL_CONVERSION = YES;
				CLANG_WARN_OBJC_ROOT_CLASS = YES_ERROR;
				CLANG_WARN_RANGE_LOOP_ANALYSIS = YES;
				CLANG_WARN_STRICT_PROTOTYPES = YES;
				CLANG_WARN_SUSPICIOUS_MOVE = YES;
				CLANG_WARN_UNGUARDED_AVAILABILITY = YES_AGGRESSIVE;
				CLANG_WARN_UNREACHABLE_CODE = YES;
				CLANG_WARN__DUPLICATE_METHOD_MATCH = YES;
				CODE_SIGN_IDENTITY = "iPhone Developer";
				COPY_PHASE_STRIP = NO;
				DEBUG_INFORMATION_FORMAT = "dwarf-with-dsym";
				ENABLE_NS_ASSERTIONS = NO;
				ENABLE_STRICT_OBJC_MSGSEND = YES;
				GCC_C_LANGUAGE_STANDARD = gnu11;
				GCC_NO_COMMON_BLOCKS = YES;
				GCC_WARN_64_TO_32_BIT_CONVERSION = YES;
				GCC_WARN_ABOUT_RETURN_TYPE = YES_ERROR;
				GCC_WARN_UNDECLARED_SELECTOR = YES;
				GCC_WARN_UNINITIALIZED_AUTOS = YES_AGGRESSIVE;
				GCC_WARN_UNUSED_FUNCTION = YES;
				GCC_WARN_UNUSED_VARIABLE = YES;
				IPHONEOS_DEPLOYMENT_TARGET = 8.0;
				MTL_ENABLE_DEBUG_INFO = NO;
				SDKROOT = iphoneos;
				VALIDATE_PRODUCT = YES;
			};
			name = Release;
		};
		6A8540F31FFB0EC000913301 /* Debug */ = {
			isa = XCBuildConfiguration;
			baseConfigurationReference = CCB9E81D947F7ACA5A4BA113 /* Pods-StudyDemo.debug.xcconfig */;
			buildSettings = {
				ASSETCATALOG_COMPILER_APPICON_NAME = AppIcon;
				CODE_SIGN_STYLE = Automatic;
				DEVELOPMENT_TEAM = 8JD3VFVV9F;
				GCC_PRECOMPILE_PREFIX_HEADER = YES;
				GCC_PREFIX_HEADER = StudyDemo/common/PrefixHeader.pch;
				INFOPLIST_FILE = StudyDemo/Info.plist;
				IPHONEOS_DEPLOYMENT_TARGET = 8.0;
				LD_RUNPATH_SEARCH_PATHS = "$(inherited) @executable_path/Frameworks";
				PRODUCT_BUNDLE_IDENTIFIER = com.masterzeng.StudyDemo;
				PRODUCT_NAME = "$(TARGET_NAME)";
				TARGETED_DEVICE_FAMILY = "1,2";
			};
			name = Debug;
		};
		6A8540F41FFB0EC000913301 /* Release */ = {
			isa = XCBuildConfiguration;
			baseConfigurationReference = A31D7C2BD6403CB3E33BA522 /* Pods-StudyDemo.release.xcconfig */;
			buildSettings = {
				ASSETCATALOG_COMPILER_APPICON_NAME = AppIcon;
				CODE_SIGN_STYLE = Automatic;
				DEVELOPMENT_TEAM = 8JD3VFVV9F;
				GCC_PRECOMPILE_PREFIX_HEADER = YES;
				GCC_PREFIX_HEADER = StudyDemo/common/PrefixHeader.pch;
				INFOPLIST_FILE = StudyDemo/Info.plist;
				IPHONEOS_DEPLOYMENT_TARGET = 8.0;
				LD_RUNPATH_SEARCH_PATHS = "$(inherited) @executable_path/Frameworks";
				PRODUCT_BUNDLE_IDENTIFIER = com.masterzeng.StudyDemo;
				PRODUCT_NAME = "$(TARGET_NAME)";
				TARGETED_DEVICE_FAMILY = "1,2";
			};
			name = Release;
		};
/* End XCBuildConfiguration section */

/* Begin XCConfigurationList section */
		6A8540D71FFB0EC000913301 /* Build configuration list for PBXProject "StudyDemo" */ = {
			isa = XCConfigurationList;
			buildConfigurations = (
				6A8540F01FFB0EC000913301 /* Debug */,
				6A8540F11FFB0EC000913301 /* Release */,
			);
			defaultConfigurationIsVisible = 0;
			defaultConfigurationName = Release;
		};
		6A8540F21FFB0EC000913301 /* Build configuration list for PBXNativeTarget "StudyDemo" */ = {
			isa = XCConfigurationList;
			buildConfigurations = (
				6A8540F31FFB0EC000913301 /* Debug */,
				6A8540F41FFB0EC000913301 /* Release */,
			);
			defaultConfigurationIsVisible = 0;
			defaultConfigurationName = Release;
		};
/* End XCConfigurationList section */
	};
	rootObject = 6A8540D41FFB0EC000913301 /* Project object */;
}
